// !$*UTF8*$!
{
	archiveVersion = 1;
	classes = {
	};
	objectVersion = 46;
	objects = {

/* Begin PBXBuildFile section */
		472E264022FD0D4600F86150 /* SATypeDescription.m in Sources */ = {isa = PBXBuildFile; fileRef = 472E25D422FD0D4600F86150 /* SATypeDescription.m */; };
		472E264122FD0D4600F86150 /* SASecurityPolicy.m in Sources */ = {isa = PBXBuildFile; fileRef = 472E25D522FD0D4600F86150 /* SASecurityPolicy.m */; };
		472E264222FD0D4600F86150 /* NSString+HashCode.m in Sources */ = {isa = PBXBuildFile; fileRef = 472E25D722FD0D4600F86150 /* NSString+HashCode.m */; };
		472E264322FD0D4600F86150 /* SANetwork+URLUtils.m in Sources */ = {isa = PBXBuildFile; fileRef = 472E25D922FD0D4600F86150 /* SANetwork+URLUtils.m */; };
		472E264422FD0D4600F86150 /* SANetwork.m in Sources */ = {isa = PBXBuildFile; fileRef = 472E25DC22FD0D4600F86150 /* SANetwork.m */; };
		472E264522FD0D4600F86150 /* SensorsAnalyticsSDK.m in Sources */ = {isa = PBXBuildFile; fileRef = 472E25DD22FD0D4600F86150 /* SensorsAnalyticsSDK.m */; };
		472E264622FD0D4600F86150 /* SASDKRemoteConfig.m in Sources */ = {isa = PBXBuildFile; fileRef = 472E25E022FD0D4600F86150 /* SASDKRemoteConfig.m */; };
		472E264722FD0D4600F86150 /* SAObjectSelector.m in Sources */ = {isa = PBXBuildFile; fileRef = 472E25E322FD0D4600F86150 /* SAObjectSelector.m */; };
		472E264822FD0D4600F86150 /* SensorsAnalyticsExceptionHandler.m in Sources */ = {isa = PBXBuildFile; fileRef = 472E25E822FD0D4600F86150 /* SensorsAnalyticsExceptionHandler.m */; };
		472E264922FD0D4600F86150 /* SACommonUtility.m in Sources */ = {isa = PBXBuildFile; fileRef = 472E25EA22FD0D4600F86150 /* SACommonUtility.m */; };
		472E264A22FD0D4600F86150 /* JSONUtil.m in Sources */ = {isa = PBXBuildFile; fileRef = 472E25EB22FD0D4600F86150 /* JSONUtil.m */; };
		472E264B22FD0D4600F86150 /* UIViewController+AutoTrack.m in Sources */ = {isa = PBXBuildFile; fileRef = 472E25EF22FD0D4600F86150 /* UIViewController+AutoTrack.m */; };
		472E264C22FD0D4600F86150 /* SAAlertController.m in Sources */ = {isa = PBXBuildFile; fileRef = 472E25F122FD0D4600F86150 /* SAAlertController.m */; };
		472E264D22FD0D4600F86150 /* SAPropertyDescription.m in Sources */ = {isa = PBXBuildFile; fileRef = 472E25F622FD0D4600F86150 /* SAPropertyDescription.m */; };
		472E264E22FD0D4600F86150 /* SAAppExtensionDataManager.m in Sources */ = {isa = PBXBuildFile; fileRef = 472E25F822FD0D4600F86150 /* SAAppExtensionDataManager.m */; };
		472E264F22FD0D4600F86150 /* SASwizzler.m in Sources */ = {isa = PBXBuildFile; fileRef = 472E25F922FD0D4600F86150 /* SASwizzler.m */; };
		472E265022FD0D4600F86150 /* SAEnumDescription.m in Sources */ = {isa = PBXBuildFile; fileRef = 472E25FB22FD0D4600F86150 /* SAEnumDescription.m */; };
		472E265122FD0D4600F86150 /* SAValueTransformers.m in Sources */ = {isa = PBXBuildFile; fileRef = 472E25FC22FD0D4600F86150 /* SAValueTransformers.m */; };
		472E265222FD0D4600F86150 /* SALogger.m in Sources */ = {isa = PBXBuildFile; fileRef = 472E25FD22FD0D4600F86150 /* SALogger.m */; };
		472E265322FD0D4600F86150 /* UIApplication+AutoTrack.m in Sources */ = {isa = PBXBuildFile; fileRef = 472E25FF22FD0D4600F86150 /* UIApplication+AutoTrack.m */; };
		472E265422FD0D4600F86150 /* SAKeyChainItemWrapper.m in Sources */ = {isa = PBXBuildFile; fileRef = 472E260022FD0D4600F86150 /* SAKeyChainItemWrapper.m */; };
		472E265522FD0D4600F86150 /* MessageQueueBySqlite.m in Sources */ = {isa = PBXBuildFile; fileRef = 472E260122FD0D4600F86150 /* MessageQueueBySqlite.m */; };
		472E265622FD0D4600F86150 /* SAObjectIdentityProvider.m in Sources */ = {isa = PBXBuildFile; fileRef = 472E260522FD0D4600F86150 /* SAObjectIdentityProvider.m */; };
		472E265722FD0D4600F86150 /* NSInvocation+SAHelpers.m in Sources */ = {isa = PBXBuildFile; fileRef = 472E260622FD0D4600F86150 /* NSInvocation+SAHelpers.m */; };
		472E265822FD0D4600F86150 /* UIView+SAHelpers.m in Sources */ = {isa = PBXBuildFile; fileRef = 472E260822FD0D4600F86150 /* UIView+SAHelpers.m */; };
		472E265922FD0D4600F86150 /* UIGestureRecognizer+AutoTrack.m in Sources */ = {isa = PBXBuildFile; fileRef = 472E260922FD0D4600F86150 /* UIGestureRecognizer+AutoTrack.m */; };
		472E265A22FD0D4600F86150 /* SALocationManager.m in Sources */ = {isa = PBXBuildFile; fileRef = 472E260D22FD0D4600F86150 /* SALocationManager.m */; };
		472E265B22FD0D4600F86150 /* SADeviceOrientationManager.m in Sources */ = {isa = PBXBuildFile; fileRef = 472E260F22FD0D4600F86150 /* SADeviceOrientationManager.m */; };
		472E265C22FD0D4600F86150 /* SAConfigOptions.m in Sources */ = {isa = PBXBuildFile; fileRef = 472E261122FD0D4600F86150 /* SAConfigOptions.m */; };
		472E265D22FD0D4600F86150 /* NSObject+SensorsAnalyticsDelegate.m in Sources */ = {isa = PBXBuildFile; fileRef = 472E261222FD0D4600F86150 /* NSObject+SensorsAnalyticsDelegate.m */; };
		472E265E22FD0D4600F86150 /* SASwizzle.m in Sources */ = {isa = PBXBuildFile; fileRef = 472E261522FD0D4600F86150 /* SASwizzle.m */; };
		472E265F22FD0D4600F86150 /* SAApplicationStateSerializer.m in Sources */ = {isa = PBXBuildFile; fileRef = 472E261622FD0D4600F86150 /* SAApplicationStateSerializer.m */; };
		472E266022FD0D4600F86150 /* UIView+AutoTrack.m in Sources */ = {isa = PBXBuildFile; fileRef = 472E261722FD0D4600F86150 /* UIView+AutoTrack.m */; };
		472E266122FD0D4600F86150 /* SAConstants.m in Sources */ = {isa = PBXBuildFile; fileRef = 472E261922FD0D4600F86150 /* SAConstants.m */; };
		472E266222FD0D4600F86150 /* SAAutoTrackUtils.m in Sources */ = {isa = PBXBuildFile; fileRef = 472E261A22FD0D4600F86150 /* SAAutoTrackUtils.m */; };
		472E266322FD0D4600F86150 /* SAAbstractDesignerMessage.m in Sources */ = {isa = PBXBuildFile; fileRef = 472E261B22FD0D4600F86150 /* SAAbstractDesignerMessage.m */; };
		472E266422FD0D4600F86150 /* SAClassDescription.m in Sources */ = {isa = PBXBuildFile; fileRef = 472E261C22FD0D4600F86150 /* SAClassDescription.m */; };
		472E266522FD0D4600F86150 /* SAObjectSerializerContext.m in Sources */ = {isa = PBXBuildFile; fileRef = 472E261E22FD0D4600F86150 /* SAObjectSerializerContext.m */; };
		472E266622FD0D4600F86150 /* SAObjectSerializer.m in Sources */ = {isa = PBXBuildFile; fileRef = 472E262022FD0D4600F86150 /* SAObjectSerializer.m */; };
		472E266722FD0D4600F86150 /* SAHeatMapSnapshotMessage.m in Sources */ = {isa = PBXBuildFile; fileRef = 472E262422FD0D4600F86150 /* SAHeatMapSnapshotMessage.m */; };
		472E266822FD0D4600F86150 /* SAHeatMapConnection.m in Sources */ = {isa = PBXBuildFile; fileRef = 472E262722FD0D4600F86150 /* SAHeatMapConnection.m */; };
		472E266922FD0D4600F86150 /* SAAbstractHeatMapMessage.m in Sources */ = {isa = PBXBuildFile; fileRef = 472E262A22FD0D4600F86150 /* SAAbstractHeatMapMessage.m */; };
		472E266A22FD0D4600F86150 /* SAAuxiliaryToolManager.m in Sources */ = {isa = PBXBuildFile; fileRef = 472E262C22FD0D4600F86150 /* SAAuxiliaryToolManager.m */; };
		472E266B22FD0D4600F86150 /* SAReachability.m in Sources */ = {isa = PBXBuildFile; fileRef = 472E262D22FD0D4600F86150 /* SAReachability.m */; };
		472E266C22FD0D4600F86150 /* SAGzipUtility.m in Sources */ = {isa = PBXBuildFile; fileRef = 472E262E22FD0D4600F86150 /* SAGzipUtility.m */; };
		472E266D22FD0D4600F86150 /* SAObjectSerializerConfig.m in Sources */ = {isa = PBXBuildFile; fileRef = 472E263022FD0D4600F86150 /* SAObjectSerializerConfig.m */; };
		472E266E22FD0D4600F86150 /* SAVisualizedAutoTrackSnapshotMessage.m in Sources */ = {isa = PBXBuildFile; fileRef = 472E263622FD0D4600F86150 /* SAVisualizedAutoTrackSnapshotMessage.m */; };
		472E266F22FD0D4600F86150 /* SAVisualizedAutoTrackConnection.m in Sources */ = {isa = PBXBuildFile; fileRef = 472E263822FD0D4600F86150 /* SAVisualizedAutoTrackConnection.m */; };
		472E267022FD0D4600F86150 /* SAVisualizedAutoTrackAbstractMessage.m in Sources */ = {isa = PBXBuildFile; fileRef = 472E263B22FD0D4600F86150 /* SAVisualizedAutoTrackAbstractMessage.m */; };
		CE4A732B2136AAEE00EBF3CA /* RNSensors.m in Sources */ = {isa = PBXBuildFile; fileRef = B3E7B5891CC2AC0600A0062D /* RNSensors.m */; };
/* End PBXBuildFile section */

/* Begin PBXCopyFilesBuildPhase section */
		58B511D91A9E6C8500147676 /* CopyFiles */ = {
			isa = PBXCopyFilesBuildPhase;
			buildActionMask = 2147483647;
			dstPath = "include/$(PRODUCT_NAME)";
			dstSubfolderSpec = 16;
			files = (
			);
			runOnlyForDeploymentPostprocessing = 0;
		};
/* End PBXCopyFilesBuildPhase section */

/* Begin PBXFileReference section */
		134814201AA4EA6300B7C361 /* libRNSensors.a */ = {isa = PBXFileReference; explicitFileType = archive.ar; includeInIndex = 0; path = libRNSensors.a; sourceTree = BUILT_PRODUCTS_DIR; };
		472E25D422FD0D4600F86150 /* SATypeDescription.m */ = {isa = PBXFileReference; fileEncoding = 4; lastKnownFileType = sourcecode.c.objc; path = SATypeDescription.m; sourceTree = "<group>"; };
		472E25D522FD0D4600F86150 /* SASecurityPolicy.m */ = {isa = PBXFileReference; fileEncoding = 4; lastKnownFileType = sourcecode.c.objc; path = SASecurityPolicy.m; sourceTree = "<group>"; };
		472E25D622FD0D4600F86150 /* UIGestureRecognizer+AutoTrack.h */ = {isa = PBXFileReference; fileEncoding = 4; lastKnownFileType = sourcecode.c.h; path = "UIGestureRecognizer+AutoTrack.h"; sourceTree = "<group>"; };
		472E25D722FD0D4600F86150 /* NSString+HashCode.m */ = {isa = PBXFileReference; fileEncoding = 4; lastKnownFileType = sourcecode.c.objc; path = "NSString+HashCode.m"; sourceTree = "<group>"; };
		472E25D822FD0D4600F86150 /* UIView+SAHelpers.h */ = {isa = PBXFileReference; fileEncoding = 4; lastKnownFileType = sourcecode.c.h; path = "UIView+SAHelpers.h"; sourceTree = "<group>"; };
		472E25D922FD0D4600F86150 /* SANetwork+URLUtils.m */ = {isa = PBXFileReference; fileEncoding = 4; lastKnownFileType = sourcecode.c.objc; path = "SANetwork+URLUtils.m"; sourceTree = "<group>"; };
		472E25DA22FD0D4600F86150 /* NSInvocation+SAHelpers.h */ = {isa = PBXFileReference; fileEncoding = 4; lastKnownFileType = sourcecode.c.h; path = "NSInvocation+SAHelpers.h"; sourceTree = "<group>"; };
		472E25DB22FD0D4600F86150 /* SAObjectIdentityProvider.h */ = {isa = PBXFileReference; fileEncoding = 4; lastKnownFileType = sourcecode.c.h; path = SAObjectIdentityProvider.h; sourceTree = "<group>"; };
		472E25DC22FD0D4600F86150 /* SANetwork.m */ = {isa = PBXFileReference; fileEncoding = 4; lastKnownFileType = sourcecode.c.objc; path = SANetwork.m; sourceTree = "<group>"; };
		472E25DD22FD0D4600F86150 /* SensorsAnalyticsSDK.m */ = {isa = PBXFileReference; fileEncoding = 4; lastKnownFileType = sourcecode.c.objc; path = SensorsAnalyticsSDK.m; sourceTree = "<group>"; };
		472E25DE22FD0D4600F86150 /* SAObjectSerializerContext.h */ = {isa = PBXFileReference; fileEncoding = 4; lastKnownFileType = sourcecode.c.h; path = SAObjectSerializerContext.h; sourceTree = "<group>"; };
		472E25DF22FD0D4600F86150 /* SAClassDescription.h */ = {isa = PBXFileReference; fileEncoding = 4; lastKnownFileType = sourcecode.c.h; path = SAClassDescription.h; sourceTree = "<group>"; };
		472E25E022FD0D4600F86150 /* SASDKRemoteConfig.m */ = {isa = PBXFileReference; fileEncoding = 4; lastKnownFileType = sourcecode.c.objc; path = SASDKRemoteConfig.m; sourceTree = "<group>"; };
		472E25E122FD0D4600F86150 /* SAAutoTrackUtils.h */ = {isa = PBXFileReference; fileEncoding = 4; lastKnownFileType = sourcecode.c.h; path = SAAutoTrackUtils.h; sourceTree = "<group>"; };
		472E25E222FD0D4600F86150 /* SAAbstractDesignerMessage.h */ = {isa = PBXFileReference; fileEncoding = 4; lastKnownFileType = sourcecode.c.h; path = SAAbstractDesignerMessage.h; sourceTree = "<group>"; };
		472E25E322FD0D4600F86150 /* SAObjectSelector.m */ = {isa = PBXFileReference; fileEncoding = 4; lastKnownFileType = sourcecode.c.objc; path = SAObjectSelector.m; sourceTree = "<group>"; };
		472E25E422FD0D4600F86150 /* SAConstants.h */ = {isa = PBXFileReference; fileEncoding = 4; lastKnownFileType = sourcecode.c.h; path = SAConstants.h; sourceTree = "<group>"; };
		472E25E522FD0D4600F86150 /* SASwizzle.h */ = {isa = PBXFileReference; fileEncoding = 4; lastKnownFileType = sourcecode.c.h; path = SASwizzle.h; sourceTree = "<group>"; };
		472E25E622FD0D4600F86150 /* SAApplicationStateSerializer.h */ = {isa = PBXFileReference; fileEncoding = 4; lastKnownFileType = sourcecode.c.h; path = SAApplicationStateSerializer.h; sourceTree = "<group>"; };
		472E25E722FD0D4600F86150 /* UIView+AutoTrack.h */ = {isa = PBXFileReference; fileEncoding = 4; lastKnownFileType = sourcecode.c.h; path = "UIView+AutoTrack.h"; sourceTree = "<group>"; };
		472E25E822FD0D4600F86150 /* SensorsAnalyticsExceptionHandler.m */ = {isa = PBXFileReference; fileEncoding = 4; lastKnownFileType = sourcecode.c.objc; path = SensorsAnalyticsExceptionHandler.m; sourceTree = "<group>"; };
		472E25E922FD0D4600F86150 /* NSObject+SensorsAnalyticsDelegate.h */ = {isa = PBXFileReference; fileEncoding = 4; lastKnownFileType = sourcecode.c.h; path = "NSObject+SensorsAnalyticsDelegate.h"; sourceTree = "<group>"; };
		472E25EA22FD0D4600F86150 /* SACommonUtility.m */ = {isa = PBXFileReference; fileEncoding = 4; lastKnownFileType = sourcecode.c.objc; path = SACommonUtility.m; sourceTree = "<group>"; };
		472E25EB22FD0D4600F86150 /* JSONUtil.m */ = {isa = PBXFileReference; fileEncoding = 4; lastKnownFileType = sourcecode.c.objc; path = JSONUtil.m; sourceTree = "<group>"; };
		472E25EC22FD0D4600F86150 /* SADeviceOrientationManager.h */ = {isa = PBXFileReference; fileEncoding = 4; lastKnownFileType = sourcecode.c.h; path = SADeviceOrientationManager.h; sourceTree = "<group>"; };
		472E25ED22FD0D4600F86150 /* SAConfigOptions.h */ = {isa = PBXFileReference; fileEncoding = 4; lastKnownFileType = sourcecode.c.h; path = SAConfigOptions.h; sourceTree = "<group>"; };
		472E25EE22FD0D4600F86150 /* SAConstants+Private.h */ = {isa = PBXFileReference; fileEncoding = 4; lastKnownFileType = sourcecode.c.h; path = "SAConstants+Private.h"; sourceTree = "<group>"; };
		472E25EF22FD0D4600F86150 /* UIViewController+AutoTrack.m */ = {isa = PBXFileReference; fileEncoding = 4; lastKnownFileType = sourcecode.c.objc; path = "UIViewController+AutoTrack.m"; sourceTree = "<group>"; };
		472E25F022FD0D4600F86150 /* SALocationManager.h */ = {isa = PBXFileReference; fileEncoding = 4; lastKnownFileType = sourcecode.c.h; path = SALocationManager.h; sourceTree = "<group>"; };
		472E25F122FD0D4600F86150 /* SAAlertController.m */ = {isa = PBXFileReference; fileEncoding = 4; lastKnownFileType = sourcecode.c.objc; path = SAAlertController.m; sourceTree = "<group>"; };
		472E25F222FD0D4600F86150 /* SAObjectSerializerConfig.h */ = {isa = PBXFileReference; fileEncoding = 4; lastKnownFileType = sourcecode.c.h; path = SAObjectSerializerConfig.h; sourceTree = "<group>"; };
		472E25F322FD0D4600F86150 /* SAGzipUtility.h */ = {isa = PBXFileReference; fileEncoding = 4; lastKnownFileType = sourcecode.c.h; path = SAGzipUtility.h; sourceTree = "<group>"; };
		472E25F422FD0D4600F86150 /* SAAuxiliaryToolManager.h */ = {isa = PBXFileReference; fileEncoding = 4; lastKnownFileType = sourcecode.c.h; path = SAAuxiliaryToolManager.h; sourceTree = "<group>"; };
		472E25F522FD0D4600F86150 /* SAReachability.h */ = {isa = PBXFileReference; fileEncoding = 4; lastKnownFileType = sourcecode.c.h; path = SAReachability.h; sourceTree = "<group>"; };
		472E25F622FD0D4600F86150 /* SAPropertyDescription.m */ = {isa = PBXFileReference; fileEncoding = 4; lastKnownFileType = sourcecode.c.objc; path = SAPropertyDescription.m; sourceTree = "<group>"; };
		472E25F722FD0D4600F86150 /* SensorsAnalyticsSDK+Private.h */ = {isa = PBXFileReference; fileEncoding = 4; lastKnownFileType = sourcecode.c.h; path = "SensorsAnalyticsSDK+Private.h"; sourceTree = "<group>"; };
		472E25F822FD0D4600F86150 /* SAAppExtensionDataManager.m */ = {isa = PBXFileReference; fileEncoding = 4; lastKnownFileType = sourcecode.c.objc; path = SAAppExtensionDataManager.m; sourceTree = "<group>"; };
		472E25F922FD0D4600F86150 /* SASwizzler.m */ = {isa = PBXFileReference; fileEncoding = 4; lastKnownFileType = sourcecode.c.objc; path = SASwizzler.m; sourceTree = "<group>"; };
		472E25FA22FD0D4600F86150 /* SAObjectSerializer.h */ = {isa = PBXFileReference; fileEncoding = 4; lastKnownFileType = sourcecode.c.h; path = SAObjectSerializer.h; sourceTree = "<group>"; };
		472E25FB22FD0D4600F86150 /* SAEnumDescription.m */ = {isa = PBXFileReference; fileEncoding = 4; lastKnownFileType = sourcecode.c.objc; path = SAEnumDescription.m; sourceTree = "<group>"; };
		472E25FC22FD0D4600F86150 /* SAValueTransformers.m */ = {isa = PBXFileReference; fileEncoding = 4; lastKnownFileType = sourcecode.c.objc; path = SAValueTransformers.m; sourceTree = "<group>"; };
		472E25FD22FD0D4600F86150 /* SALogger.m */ = {isa = PBXFileReference; fileEncoding = 4; lastKnownFileType = sourcecode.c.objc; path = SALogger.m; sourceTree = "<group>"; };
		472E25FE22FD0D4600F86150 /* SAAutoTrackProperty.h */ = {isa = PBXFileReference; fileEncoding = 4; lastKnownFileType = sourcecode.c.h; path = SAAutoTrackProperty.h; sourceTree = "<group>"; };
		472E25FF22FD0D4600F86150 /* UIApplication+AutoTrack.m */ = {isa = PBXFileReference; fileEncoding = 4; lastKnownFileType = sourcecode.c.objc; path = "UIApplication+AutoTrack.m"; sourceTree = "<group>"; };
		472E260022FD0D4600F86150 /* SAKeyChainItemWrapper.m */ = {isa = PBXFileReference; fileEncoding = 4; lastKnownFileType = sourcecode.c.objc; path = SAKeyChainItemWrapper.m; sourceTree = "<group>"; };
		472E260122FD0D4600F86150 /* MessageQueueBySqlite.m */ = {isa = PBXFileReference; fileEncoding = 4; lastKnownFileType = sourcecode.c.objc; path = MessageQueueBySqlite.m; sourceTree = "<group>"; };
		472E260222FD0D4600F86150 /* SANetwork.h */ = {isa = PBXFileReference; fileEncoding = 4; lastKnownFileType = sourcecode.c.h; path = SANetwork.h; sourceTree = "<group>"; };
		472E260322FD0D4600F86150 /* SensorsAnalyticsSDK.h */ = {isa = PBXFileReference; fileEncoding = 4; lastKnownFileType = sourcecode.c.h; path = SensorsAnalyticsSDK.h; sourceTree = "<group>"; };
		472E260422FD0D4600F86150 /* SADesignerMessage.h */ = {isa = PBXFileReference; fileEncoding = 4; lastKnownFileType = sourcecode.c.h; path = SADesignerMessage.h; sourceTree = "<group>"; };
		472E260522FD0D4600F86150 /* SAObjectIdentityProvider.m */ = {isa = PBXFileReference; fileEncoding = 4; lastKnownFileType = sourcecode.c.objc; path = SAObjectIdentityProvider.m; sourceTree = "<group>"; };
		472E260622FD0D4600F86150 /* NSInvocation+SAHelpers.m */ = {isa = PBXFileReference; fileEncoding = 4; lastKnownFileType = sourcecode.c.objc; path = "NSInvocation+SAHelpers.m"; sourceTree = "<group>"; };
		472E260722FD0D4600F86150 /* SANetwork+URLUtils.h */ = {isa = PBXFileReference; fileEncoding = 4; lastKnownFileType = sourcecode.c.h; path = "SANetwork+URLUtils.h"; sourceTree = "<group>"; };
		472E260822FD0D4600F86150 /* UIView+SAHelpers.m */ = {isa = PBXFileReference; fileEncoding = 4; lastKnownFileType = sourcecode.c.objc; path = "UIView+SAHelpers.m"; sourceTree = "<group>"; };
		472E260922FD0D4600F86150 /* UIGestureRecognizer+AutoTrack.m */ = {isa = PBXFileReference; fileEncoding = 4; lastKnownFileType = sourcecode.c.objc; path = "UIGestureRecognizer+AutoTrack.m"; sourceTree = "<group>"; };
		472E260A22FD0D4600F86150 /* NSString+HashCode.h */ = {isa = PBXFileReference; fileEncoding = 4; lastKnownFileType = sourcecode.c.h; path = "NSString+HashCode.h"; sourceTree = "<group>"; };
		472E260B22FD0D4600F86150 /* SATypeDescription.h */ = {isa = PBXFileReference; fileEncoding = 4; lastKnownFileType = sourcecode.c.h; path = SATypeDescription.h; sourceTree = "<group>"; };
		472E260C22FD0D4600F86150 /* SASecurityPolicy.h */ = {isa = PBXFileReference; fileEncoding = 4; lastKnownFileType = sourcecode.c.h; path = SASecurityPolicy.h; sourceTree = "<group>"; };
		472E260D22FD0D4600F86150 /* SALocationManager.m */ = {isa = PBXFileReference; fileEncoding = 4; lastKnownFileType = sourcecode.c.objc; path = SALocationManager.m; sourceTree = "<group>"; };
		472E260E22FD0D4600F86150 /* UIViewController+AutoTrack.h */ = {isa = PBXFileReference; fileEncoding = 4; lastKnownFileType = sourcecode.c.h; path = "UIViewController+AutoTrack.h"; sourceTree = "<group>"; };
		472E260F22FD0D4600F86150 /* SADeviceOrientationManager.m */ = {isa = PBXFileReference; fileEncoding = 4; lastKnownFileType = sourcecode.c.objc; path = SADeviceOrientationManager.m; sourceTree = "<group>"; };
		472E261022FD0D4600F86150 /* JSONUtil.h */ = {isa = PBXFileReference; fileEncoding = 4; lastKnownFileType = sourcecode.c.h; path = JSONUtil.h; sourceTree = "<group>"; };
		472E261122FD0D4600F86150 /* SAConfigOptions.m */ = {isa = PBXFileReference; fileEncoding = 4; lastKnownFileType = sourcecode.c.objc; path = SAConfigOptions.m; sourceTree = "<group>"; };
		472E261222FD0D4600F86150 /* NSObject+SensorsAnalyticsDelegate.m */ = {isa = PBXFileReference; fileEncoding = 4; lastKnownFileType = sourcecode.c.objc; path = "NSObject+SensorsAnalyticsDelegate.m"; sourceTree = "<group>"; };
		472E261322FD0D4600F86150 /* SensorsAnalyticsExceptionHandler.h */ = {isa = PBXFileReference; fileEncoding = 4; lastKnownFileType = sourcecode.c.h; path = SensorsAnalyticsExceptionHandler.h; sourceTree = "<group>"; };
		472E261422FD0D4600F86150 /* SACommonUtility.h */ = {isa = PBXFileReference; fileEncoding = 4; lastKnownFileType = sourcecode.c.h; path = SACommonUtility.h; sourceTree = "<group>"; };
		472E261522FD0D4600F86150 /* SASwizzle.m */ = {isa = PBXFileReference; fileEncoding = 4; lastKnownFileType = sourcecode.c.objc; path = SASwizzle.m; sourceTree = "<group>"; };
		472E261622FD0D4600F86150 /* SAApplicationStateSerializer.m */ = {isa = PBXFileReference; fileEncoding = 4; lastKnownFileType = sourcecode.c.objc; path = SAApplicationStateSerializer.m; sourceTree = "<group>"; };
		472E261722FD0D4600F86150 /* UIView+AutoTrack.m */ = {isa = PBXFileReference; fileEncoding = 4; lastKnownFileType = sourcecode.c.objc; path = "UIView+AutoTrack.m"; sourceTree = "<group>"; };
		472E261822FD0D4600F86150 /* SAObjectSelector.h */ = {isa = PBXFileReference; fileEncoding = 4; lastKnownFileType = sourcecode.c.h; path = SAObjectSelector.h; sourceTree = "<group>"; };
		472E261922FD0D4600F86150 /* SAConstants.m */ = {isa = PBXFileReference; fileEncoding = 4; lastKnownFileType = sourcecode.c.objc; path = SAConstants.m; sourceTree = "<group>"; };
		472E261A22FD0D4600F86150 /* SAAutoTrackUtils.m */ = {isa = PBXFileReference; fileEncoding = 4; lastKnownFileType = sourcecode.c.objc; path = SAAutoTrackUtils.m; sourceTree = "<group>"; };
		472E261B22FD0D4600F86150 /* SAAbstractDesignerMessage.m */ = {isa = PBXFileReference; fileEncoding = 4; lastKnownFileType = sourcecode.c.objc; path = SAAbstractDesignerMessage.m; sourceTree = "<group>"; };
		472E261C22FD0D4600F86150 /* SAClassDescription.m */ = {isa = PBXFileReference; fileEncoding = 4; lastKnownFileType = sourcecode.c.objc; path = SAClassDescription.m; sourceTree = "<group>"; };
		472E261D22FD0D4600F86150 /* SASDKRemoteConfig.h */ = {isa = PBXFileReference; fileEncoding = 4; lastKnownFileType = sourcecode.c.h; path = SASDKRemoteConfig.h; sourceTree = "<group>"; };
		472E261E22FD0D4600F86150 /* SAObjectSerializerContext.m */ = {isa = PBXFileReference; fileEncoding = 4; lastKnownFileType = sourcecode.c.objc; path = SAObjectSerializerContext.m; sourceTree = "<group>"; };
		472E261F22FD0D4600F86150 /* SAEnumDescription.h */ = {isa = PBXFileReference; fileEncoding = 4; lastKnownFileType = sourcecode.c.h; path = SAEnumDescription.h; sourceTree = "<group>"; };
		472E262022FD0D4600F86150 /* SAObjectSerializer.m */ = {isa = PBXFileReference; fileEncoding = 4; lastKnownFileType = sourcecode.c.objc; path = SAObjectSerializer.m; sourceTree = "<group>"; };
		472E262122FD0D4600F86150 /* SASwizzler.h */ = {isa = PBXFileReference; fileEncoding = 4; lastKnownFileType = sourcecode.c.h; path = SASwizzler.h; sourceTree = "<group>"; };
		472E262222FD0D4600F86150 /* SAAppExtensionDataManager.h */ = {isa = PBXFileReference; fileEncoding = 4; lastKnownFileType = sourcecode.c.h; path = SAAppExtensionDataManager.h; sourceTree = "<group>"; };
		472E262422FD0D4600F86150 /* SAHeatMapSnapshotMessage.m */ = {isa = PBXFileReference; fileEncoding = 4; lastKnownFileType = sourcecode.c.objc; path = SAHeatMapSnapshotMessage.m; sourceTree = "<group>"; };
		472E262522FD0D4600F86150 /* SAHeatMapConnection.h */ = {isa = PBXFileReference; fileEncoding = 4; lastKnownFileType = sourcecode.c.h; path = SAHeatMapConnection.h; sourceTree = "<group>"; };
		472E262622FD0D4600F86150 /* SAAbstractHeatMapMessage.h */ = {isa = PBXFileReference; fileEncoding = 4; lastKnownFileType = sourcecode.c.h; path = SAAbstractHeatMapMessage.h; sourceTree = "<group>"; };
		472E262722FD0D4600F86150 /* SAHeatMapConnection.m */ = {isa = PBXFileReference; fileEncoding = 4; lastKnownFileType = sourcecode.c.objc; path = SAHeatMapConnection.m; sourceTree = "<group>"; };
		472E262822FD0D4600F86150 /* SAHeatMapSnapshotMessage.h */ = {isa = PBXFileReference; fileEncoding = 4; lastKnownFileType = sourcecode.c.h; path = SAHeatMapSnapshotMessage.h; sourceTree = "<group>"; };
		472E262922FD0D4600F86150 /* SAHeatMapMessage.h */ = {isa = PBXFileReference; fileEncoding = 4; lastKnownFileType = sourcecode.c.h; path = SAHeatMapMessage.h; sourceTree = "<group>"; };
		472E262A22FD0D4600F86150 /* SAAbstractHeatMapMessage.m */ = {isa = PBXFileReference; fileEncoding = 4; lastKnownFileType = sourcecode.c.objc; path = SAAbstractHeatMapMessage.m; sourceTree = "<group>"; };
		472E262B22FD0D4600F86150 /* SAPropertyDescription.h */ = {isa = PBXFileReference; fileEncoding = 4; lastKnownFileType = sourcecode.c.h; path = SAPropertyDescription.h; sourceTree = "<group>"; };
		472E262C22FD0D4600F86150 /* SAAuxiliaryToolManager.m */ = {isa = PBXFileReference; fileEncoding = 4; lastKnownFileType = sourcecode.c.objc; path = SAAuxiliaryToolManager.m; sourceTree = "<group>"; };
		472E262D22FD0D4600F86150 /* SAReachability.m */ = {isa = PBXFileReference; fileEncoding = 4; lastKnownFileType = sourcecode.c.objc; path = SAReachability.m; sourceTree = "<group>"; };
		472E262E22FD0D4600F86150 /* SAGzipUtility.m */ = {isa = PBXFileReference; fileEncoding = 4; lastKnownFileType = sourcecode.c.objc; path = SAGzipUtility.m; sourceTree = "<group>"; };
		472E262F22FD0D4600F86150 /* SensorsAnalyticsSDK.bundle */ = {isa = PBXFileReference; lastKnownFileType = "wrapper.plug-in"; path = SensorsAnalyticsSDK.bundle; sourceTree = "<group>"; };
		472E263022FD0D4600F86150 /* SAObjectSerializerConfig.m */ = {isa = PBXFileReference; fileEncoding = 4; lastKnownFileType = sourcecode.c.objc; path = SAObjectSerializerConfig.m; sourceTree = "<group>"; };
		472E263122FD0D4600F86150 /* SAAlertController.h */ = {isa = PBXFileReference; fileEncoding = 4; lastKnownFileType = sourcecode.c.h; path = SAAlertController.h; sourceTree = "<group>"; };
		472E263222FD0D4600F86150 /* MessageQueueBySqlite.h */ = {isa = PBXFileReference; fileEncoding = 4; lastKnownFileType = sourcecode.c.h; path = MessageQueueBySqlite.h; sourceTree = "<group>"; };
		472E263322FD0D4600F86150 /* SAKeyChainItemWrapper.h */ = {isa = PBXFileReference; fileEncoding = 4; lastKnownFileType = sourcecode.c.h; path = SAKeyChainItemWrapper.h; sourceTree = "<group>"; };
		472E263422FD0D4600F86150 /* Info.plist */ = {isa = PBXFileReference; fileEncoding = 4; lastKnownFileType = text.plist.xml; path = Info.plist; sourceTree = "<group>"; };
		472E263622FD0D4600F86150 /* SAVisualizedAutoTrackSnapshotMessage.m */ = {isa = PBXFileReference; fileEncoding = 4; lastKnownFileType = sourcecode.c.objc; path = SAVisualizedAutoTrackSnapshotMessage.m; sourceTree = "<group>"; };
		472E263722FD0D4600F86150 /* SAVisualizedAutoTrackMessage.h */ = {isa = PBXFileReference; fileEncoding = 4; lastKnownFileType = sourcecode.c.h; path = SAVisualizedAutoTrackMessage.h; sourceTree = "<group>"; };
		472E263822FD0D4600F86150 /* SAVisualizedAutoTrackConnection.m */ = {isa = PBXFileReference; fileEncoding = 4; lastKnownFileType = sourcecode.c.objc; path = SAVisualizedAutoTrackConnection.m; sourceTree = "<group>"; };
		472E263922FD0D4600F86150 /* SAVisualizedAutoTrackAbstractMessage.h */ = {isa = PBXFileReference; fileEncoding = 4; lastKnownFileType = sourcecode.c.h; path = SAVisualizedAutoTrackAbstractMessage.h; sourceTree = "<group>"; };
		472E263A22FD0D4600F86150 /* SAVisualizedAutoTrackSnapshotMessage.h */ = {isa = PBXFileReference; fileEncoding = 4; lastKnownFileType = sourcecode.c.h; path = SAVisualizedAutoTrackSnapshotMessage.h; sourceTree = "<group>"; };
		472E263B22FD0D4600F86150 /* SAVisualizedAutoTrackAbstractMessage.m */ = {isa = PBXFileReference; fileEncoding = 4; lastKnownFileType = sourcecode.c.objc; path = SAVisualizedAutoTrackAbstractMessage.m; sourceTree = "<group>"; };
		472E263C22FD0D4600F86150 /* SAVisualizedAutoTrackConnection.h */ = {isa = PBXFileReference; fileEncoding = 4; lastKnownFileType = sourcecode.c.h; path = SAVisualizedAutoTrackConnection.h; sourceTree = "<group>"; };
		472E263D22FD0D4600F86150 /* UIApplication+AutoTrack.h */ = {isa = PBXFileReference; fileEncoding = 4; lastKnownFileType = sourcecode.c.h; path = "UIApplication+AutoTrack.h"; sourceTree = "<group>"; };
		472E263E22FD0D4600F86150 /* SALogger.h */ = {isa = PBXFileReference; fileEncoding = 4; lastKnownFileType = sourcecode.c.h; path = SALogger.h; sourceTree = "<group>"; };
		472E263F22FD0D4600F86150 /* SAValueTransformers.h */ = {isa = PBXFileReference; fileEncoding = 4; lastKnownFileType = sourcecode.c.h; path = SAValueTransformers.h; sourceTree = "<group>"; };
		B3E7B5881CC2AC0600A0062D /* RNSensors.h */ = {isa = PBXFileReference; fileEncoding = 4; lastKnownFileType = sourcecode.c.h; path = RNSensors.h; sourceTree = "<group>"; };
		B3E7B5891CC2AC0600A0062D /* RNSensors.m */ = {isa = PBXFileReference; fileEncoding = 4; lastKnownFileType = sourcecode.c.objc; path = RNSensors.m; sourceTree = "<group>"; };
/* End PBXFileReference section */

/* Begin PBXFrameworksBuildPhase section */
		58B511D81A9E6C8500147676 /* Frameworks */ = {
			isa = PBXFrameworksBuildPhase;
			buildActionMask = 2147483647;
			files = (
			);
			runOnlyForDeploymentPostprocessing = 0;
		};
/* End PBXFrameworksBuildPhase section */

/* Begin PBXGroup section */
		134814211AA4EA7D00B7C361 /* Products */ = {
			isa = PBXGroup;
			children = (
				134814201AA4EA6300B7C361 /* libRNSensors.a */,
			);
			name = Products;
			sourceTree = "<group>";
		};
		472E25D322FD0D4600F86150 /* SensorsAnalyticsSDK */ = {
			isa = PBXGroup;
			children = (
				472E25D422FD0D4600F86150 /* SATypeDescription.m */,
				472E25D522FD0D4600F86150 /* SASecurityPolicy.m */,
				472E25D622FD0D4600F86150 /* UIGestureRecognizer+AutoTrack.h */,
				472E25D722FD0D4600F86150 /* NSString+HashCode.m */,
				472E25D822FD0D4600F86150 /* UIView+SAHelpers.h */,
				472E25D922FD0D4600F86150 /* SANetwork+URLUtils.m */,
				472E25DA22FD0D4600F86150 /* NSInvocation+SAHelpers.h */,
				472E25DB22FD0D4600F86150 /* SAObjectIdentityProvider.h */,
				472E25DC22FD0D4600F86150 /* SANetwork.m */,
				472E25DD22FD0D4600F86150 /* SensorsAnalyticsSDK.m */,
				472E25DE22FD0D4600F86150 /* SAObjectSerializerContext.h */,
				472E25DF22FD0D4600F86150 /* SAClassDescription.h */,
				472E25E022FD0D4600F86150 /* SASDKRemoteConfig.m */,
				472E25E122FD0D4600F86150 /* SAAutoTrackUtils.h */,
				472E25E222FD0D4600F86150 /* SAAbstractDesignerMessage.h */,
				472E25E322FD0D4600F86150 /* SAObjectSelector.m */,
				472E25E422FD0D4600F86150 /* SAConstants.h */,
				472E25E522FD0D4600F86150 /* SASwizzle.h */,
				472E25E622FD0D4600F86150 /* SAApplicationStateSerializer.h */,
				472E25E722FD0D4600F86150 /* UIView+AutoTrack.h */,
				472E25E822FD0D4600F86150 /* SensorsAnalyticsExceptionHandler.m */,
				472E25E922FD0D4600F86150 /* NSObject+SensorsAnalyticsDelegate.h */,
				472E25EA22FD0D4600F86150 /* SACommonUtility.m */,
				472E25EB22FD0D4600F86150 /* JSONUtil.m */,
				472E25EC22FD0D4600F86150 /* SADeviceOrientationManager.h */,
				472E25ED22FD0D4600F86150 /* SAConfigOptions.h */,
				472E25EE22FD0D4600F86150 /* SAConstants+Private.h */,
				472E25EF22FD0D4600F86150 /* UIViewController+AutoTrack.m */,
				472E25F022FD0D4600F86150 /* SALocationManager.h */,
				472E25F122FD0D4600F86150 /* SAAlertController.m */,
				472E25F222FD0D4600F86150 /* SAObjectSerializerConfig.h */,
				472E25F322FD0D4600F86150 /* SAGzipUtility.h */,
				472E25F422FD0D4600F86150 /* SAAuxiliaryToolManager.h */,
				472E25F522FD0D4600F86150 /* SAReachability.h */,
				472E25F622FD0D4600F86150 /* SAPropertyDescription.m */,
				472E25F722FD0D4600F86150 /* SensorsAnalyticsSDK+Private.h */,
				472E25F822FD0D4600F86150 /* SAAppExtensionDataManager.m */,
				472E25F922FD0D4600F86150 /* SASwizzler.m */,
				472E25FA22FD0D4600F86150 /* SAObjectSerializer.h */,
				472E25FB22FD0D4600F86150 /* SAEnumDescription.m */,
				472E25FC22FD0D4600F86150 /* SAValueTransformers.m */,
				472E25FD22FD0D4600F86150 /* SALogger.m */,
				472E25FE22FD0D4600F86150 /* SAAutoTrackProperty.h */,
				472E25FF22FD0D4600F86150 /* UIApplication+AutoTrack.m */,
				472E260022FD0D4600F86150 /* SAKeyChainItemWrapper.m */,
				472E260122FD0D4600F86150 /* MessageQueueBySqlite.m */,
				472E260222FD0D4600F86150 /* SANetwork.h */,
				472E260322FD0D4600F86150 /* SensorsAnalyticsSDK.h */,
				472E260422FD0D4600F86150 /* SADesignerMessage.h */,
				472E260522FD0D4600F86150 /* SAObjectIdentityProvider.m */,
				472E260622FD0D4600F86150 /* NSInvocation+SAHelpers.m */,
				472E260722FD0D4600F86150 /* SANetwork+URLUtils.h */,
				472E260822FD0D4600F86150 /* UIView+SAHelpers.m */,
				472E260922FD0D4600F86150 /* UIGestureRecognizer+AutoTrack.m */,
				472E260A22FD0D4600F86150 /* NSString+HashCode.h */,
				472E260B22FD0D4600F86150 /* SATypeDescription.h */,
				472E260C22FD0D4600F86150 /* SASecurityPolicy.h */,
				472E260D22FD0D4600F86150 /* SALocationManager.m */,
				472E260E22FD0D4600F86150 /* UIViewController+AutoTrack.h */,
				472E260F22FD0D4600F86150 /* SADeviceOrientationManager.m */,
				472E261022FD0D4600F86150 /* JSONUtil.h */,
				472E261122FD0D4600F86150 /* SAConfigOptions.m */,
				472E261222FD0D4600F86150 /* NSObject+SensorsAnalyticsDelegate.m */,
				472E261322FD0D4600F86150 /* SensorsAnalyticsExceptionHandler.h */,
				472E261422FD0D4600F86150 /* SACommonUtility.h */,
				472E261522FD0D4600F86150 /* SASwizzle.m */,
				472E261622FD0D4600F86150 /* SAApplicationStateSerializer.m */,
				472E261722FD0D4600F86150 /* UIView+AutoTrack.m */,
				472E261822FD0D4600F86150 /* SAObjectSelector.h */,
				472E261922FD0D4600F86150 /* SAConstants.m */,
				472E261A22FD0D4600F86150 /* SAAutoTrackUtils.m */,
				472E261B22FD0D4600F86150 /* SAAbstractDesignerMessage.m */,
				472E261C22FD0D4600F86150 /* SAClassDescription.m */,
				472E261D22FD0D4600F86150 /* SASDKRemoteConfig.h */,
				472E261E22FD0D4600F86150 /* SAObjectSerializerContext.m */,
				472E261F22FD0D4600F86150 /* SAEnumDescription.h */,
				472E262022FD0D4600F86150 /* SAObjectSerializer.m */,
				472E262122FD0D4600F86150 /* SASwizzler.h */,
				472E262222FD0D4600F86150 /* SAAppExtensionDataManager.h */,
				472E262322FD0D4600F86150 /* HeatMap */,
				472E262B22FD0D4600F86150 /* SAPropertyDescription.h */,
				472E262C22FD0D4600F86150 /* SAAuxiliaryToolManager.m */,
				472E262D22FD0D4600F86150 /* SAReachability.m */,
				472E262E22FD0D4600F86150 /* SAGzipUtility.m */,
				472E262F22FD0D4600F86150 /* SensorsAnalyticsSDK.bundle */,
				472E263022FD0D4600F86150 /* SAObjectSerializerConfig.m */,
				472E263122FD0D4600F86150 /* SAAlertController.h */,
				472E263222FD0D4600F86150 /* MessageQueueBySqlite.h */,
				472E263322FD0D4600F86150 /* SAKeyChainItemWrapper.h */,
				472E263422FD0D4600F86150 /* Info.plist */,
				472E263522FD0D4600F86150 /* VisualizedAutoTrack */,
				472E263D22FD0D4600F86150 /* UIApplication+AutoTrack.h */,
				472E263E22FD0D4600F86150 /* SALogger.h */,
				472E263F22FD0D4600F86150 /* SAValueTransformers.h */,
			);
			path = SensorsAnalyticsSDK;
			sourceTree = "<group>";
		};
		472E262322FD0D4600F86150 /* HeatMap */ = {
			isa = PBXGroup;
			children = (
				472E262422FD0D4600F86150 /* SAHeatMapSnapshotMessage.m */,
				472E262522FD0D4600F86150 /* SAHeatMapConnection.h */,
				472E262622FD0D4600F86150 /* SAAbstractHeatMapMessage.h */,
				472E262722FD0D4600F86150 /* SAHeatMapConnection.m */,
				472E262822FD0D4600F86150 /* SAHeatMapSnapshotMessage.h */,
				472E262922FD0D4600F86150 /* SAHeatMapMessage.h */,
				472E262A22FD0D4600F86150 /* SAAbstractHeatMapMessage.m */,
			);
			path = HeatMap;
			sourceTree = "<group>";
		};
		472E263522FD0D4600F86150 /* VisualizedAutoTrack */ = {
			isa = PBXGroup;
			children = (
				472E263622FD0D4600F86150 /* SAVisualizedAutoTrackSnapshotMessage.m */,
				472E263722FD0D4600F86150 /* SAVisualizedAutoTrackMessage.h */,
				472E263822FD0D4600F86150 /* SAVisualizedAutoTrackConnection.m */,
				472E263922FD0D4600F86150 /* SAVisualizedAutoTrackAbstractMessage.h */,
				472E263A22FD0D4600F86150 /* SAVisualizedAutoTrackSnapshotMessage.h */,
				472E263B22FD0D4600F86150 /* SAVisualizedAutoTrackAbstractMessage.m */,
				472E263C22FD0D4600F86150 /* SAVisualizedAutoTrackConnection.h */,
			);
			path = VisualizedAutoTrack;
			sourceTree = "<group>";
		};
		58B511D21A9E6C8500147676 = {
			isa = PBXGroup;
			children = (
				472E25D322FD0D4600F86150 /* SensorsAnalyticsSDK */,
				B3E7B5881CC2AC0600A0062D /* RNSensors.h */,
				B3E7B5891CC2AC0600A0062D /* RNSensors.m */,
				134814211AA4EA7D00B7C361 /* Products */,
				CE62D18A21369F4200075E98 /* Frameworks */,
			);
			sourceTree = "<group>";
		};
		CE62D18A21369F4200075E98 /* Frameworks */ = {
			isa = PBXGroup;
			children = (
			);
			name = Frameworks;
			sourceTree = "<group>";
		};
/* End PBXGroup section */

/* Begin PBXNativeTarget section */
		58B511DA1A9E6C8500147676 /* RNSensors */ = {
			isa = PBXNativeTarget;
			buildConfigurationList = 58B511EF1A9E6C8500147676 /* Build configuration list for PBXNativeTarget "RNSensors" */;
			buildPhases = (
				58B511D71A9E6C8500147676 /* Sources */,
				58B511D81A9E6C8500147676 /* Frameworks */,
				58B511D91A9E6C8500147676 /* CopyFiles */,
			);
			buildRules = (
			);
			dependencies = (
			);
			name = RNSensors;
			productName = RCTDataManager;
			productReference = 134814201AA4EA6300B7C361 /* libRNSensors.a */;
			productType = "com.apple.product-type.library.static";
		};
/* End PBXNativeTarget section */

/* Begin PBXProject section */
		58B511D31A9E6C8500147676 /* Project object */ = {
			isa = PBXProject;
			attributes = {
				LastUpgradeCheck = 0830;
				ORGANIZATIONNAME = Facebook;
				TargetAttributes = {
					58B511DA1A9E6C8500147676 = {
						CreatedOnToolsVersion = 6.1.1;
					};
				};
			};
			buildConfigurationList = 58B511D61A9E6C8500147676 /* Build configuration list for PBXProject "RNSensors" */;
			compatibilityVersion = "Xcode 3.2";
			developmentRegion = English;
			hasScannedForEncodings = 0;
			knownRegions = (
				English,
				en,
			);
			mainGroup = 58B511D21A9E6C8500147676;
			productRefGroup = 58B511D21A9E6C8500147676;
			projectDirPath = "";
			projectRoot = "";
			targets = (
				58B511DA1A9E6C8500147676 /* RNSensors */,
			);
		};
/* End PBXProject section */

/* Begin PBXSourcesBuildPhase section */
		58B511D71A9E6C8500147676 /* Sources */ = {
			isa = PBXSourcesBuildPhase;
			buildActionMask = 2147483647;
			files = (
				472E264222FD0D4600F86150 /* NSString+HashCode.m in Sources */,
				472E264122FD0D4600F86150 /* SASecurityPolicy.m in Sources */,
				472E266C22FD0D4600F86150 /* SAGzipUtility.m in Sources */,
				472E265122FD0D4600F86150 /* SAValueTransformers.m in Sources */,
				472E266422FD0D4600F86150 /* SAClassDescription.m in Sources */,
				472E264022FD0D4600F86150 /* SATypeDescription.m in Sources */,
				472E264522FD0D4600F86150 /* SensorsAnalyticsSDK.m in Sources */,
				472E266722FD0D4600F86150 /* SAHeatMapSnapshotMessage.m in Sources */,
				472E266922FD0D4600F86150 /* SAAbstractHeatMapMessage.m in Sources */,
				472E265722FD0D4600F86150 /* NSInvocation+SAHelpers.m in Sources */,
				472E266D22FD0D4600F86150 /* SAObjectSerializerConfig.m in Sources */,
				472E265A22FD0D4600F86150 /* SALocationManager.m in Sources */,
				472E265622FD0D4600F86150 /* SAObjectIdentityProvider.m in Sources */,
				472E265D22FD0D4600F86150 /* NSObject+SensorsAnalyticsDelegate.m in Sources */,
				472E265322FD0D4600F86150 /* UIApplication+AutoTrack.m in Sources */,
				472E265922FD0D4600F86150 /* UIGestureRecognizer+AutoTrack.m in Sources */,
				472E266122FD0D4600F86150 /* SAConstants.m in Sources */,
				472E264F22FD0D4600F86150 /* SASwizzler.m in Sources */,
				472E264322FD0D4600F86150 /* SANetwork+URLUtils.m in Sources */,
				472E265422FD0D4600F86150 /* SAKeyChainItemWrapper.m in Sources */,
				472E265B22FD0D4600F86150 /* SADeviceOrientationManager.m in Sources */,
				472E266F22FD0D4600F86150 /* SAVisualizedAutoTrackConnection.m in Sources */,
				472E265C22FD0D4600F86150 /* SAConfigOptions.m in Sources */,
				472E264A22FD0D4600F86150 /* JSONUtil.m in Sources */,
				472E264422FD0D4600F86150 /* SANetwork.m in Sources */,
				472E265E22FD0D4600F86150 /* SASwizzle.m in Sources */,
				472E266222FD0D4600F86150 /* SAAutoTrackUtils.m in Sources */,
				472E265F22FD0D4600F86150 /* SAApplicationStateSerializer.m in Sources */,
				472E265222FD0D4600F86150 /* SALogger.m in Sources */,
				472E264D22FD0D4600F86150 /* SAPropertyDescription.m in Sources */,
				472E264922FD0D4600F86150 /* SACommonUtility.m in Sources */,
				472E264622FD0D4600F86150 /* SASDKRemoteConfig.m in Sources */,
				472E266822FD0D4600F86150 /* SAHeatMapConnection.m in Sources */,
				472E264B22FD0D4600F86150 /* UIViewController+AutoTrack.m in Sources */,
				472E266622FD0D4600F86150 /* SAObjectSerializer.m in Sources */,
				472E266322FD0D4600F86150 /* SAAbstractDesignerMessage.m in Sources */,
				472E264822FD0D4600F86150 /* SensorsAnalyticsExceptionHandler.m in Sources */,
				CE4A732B2136AAEE00EBF3CA /* RNSensors.m in Sources */,
				472E265822FD0D4600F86150 /* UIView+SAHelpers.m in Sources */,
				472E266B22FD0D4600F86150 /* SAReachability.m in Sources */,
				472E267022FD0D4600F86150 /* SAVisualizedAutoTrackAbstractMessage.m in Sources */,
				472E266A22FD0D4600F86150 /* SAAuxiliaryToolManager.m in Sources */,
				472E266E22FD0D4600F86150 /* SAVisualizedAutoTrackSnapshotMessage.m in Sources */,
				472E266522FD0D4600F86150 /* SAObjectSerializerContext.m in Sources */,
				472E264E22FD0D4600F86150 /* SAAppExtensionDataManager.m in Sources */,
				472E266022FD0D4600F86150 /* UIView+AutoTrack.m in Sources */,
				472E265022FD0D4600F86150 /* SAEnumDescription.m in Sources */,
				472E264C22FD0D4600F86150 /* SAAlertController.m in Sources */,
				472E265522FD0D4600F86150 /* MessageQueueBySqlite.m in Sources */,
				472E264722FD0D4600F86150 /* SAObjectSelector.m in Sources */,
			);
			runOnlyForDeploymentPostprocessing = 0;
		};
/* End PBXSourcesBuildPhase section */

/* Begin XCBuildConfiguration section */
		58B511ED1A9E6C8500147676 /* Debug */ = {
			isa = XCBuildConfiguration;
			buildSettings = {
				ALWAYS_SEARCH_USER_PATHS = NO;
				CLANG_CXX_LANGUAGE_STANDARD = "gnu++0x";
				CLANG_CXX_LIBRARY = "libc++";
				CLANG_ENABLE_MODULES = YES;
				CLANG_ENABLE_OBJC_ARC = YES;
				CLANG_WARN_BOOL_CONVERSION = YES;
				CLANG_WARN_CONSTANT_CONVERSION = YES;
				CLANG_WARN_DIRECT_OBJC_ISA_USAGE = YES_ERROR;
				CLANG_WARN_EMPTY_BODY = YES;
				CLANG_WARN_ENUM_CONVERSION = YES;
				CLANG_WARN_INFINITE_RECURSION = YES;
				CLANG_WARN_INT_CONVERSION = YES;
				CLANG_WARN_OBJC_ROOT_CLASS = YES_ERROR;
				CLANG_WARN_SUSPICIOUS_MOVE = YES;
				CLANG_WARN_UNREACHABLE_CODE = YES;
				CLANG_WARN__DUPLICATE_METHOD_MATCH = YES;
				COPY_PHASE_STRIP = NO;
				ENABLE_STRICT_OBJC_MSGSEND = YES;
				ENABLE_TESTABILITY = YES;
				GCC_C_LANGUAGE_STANDARD = gnu99;
				GCC_DYNAMIC_NO_PIC = NO;
				GCC_NO_COMMON_BLOCKS = YES;
				GCC_OPTIMIZATION_LEVEL = 0;
				GCC_PREPROCESSOR_DEFINITIONS = (
					"DEBUG=1",
					"$(inherited)",
				);
				GCC_SYMBOLS_PRIVATE_EXTERN = NO;
				GCC_WARN_64_TO_32_BIT_CONVERSION = YES;
				GCC_WARN_ABOUT_RETURN_TYPE = YES_ERROR;
				GCC_WARN_UNDECLARED_SELECTOR = YES;
				GCC_WARN_UNINITIALIZED_AUTOS = YES_AGGRESSIVE;
				GCC_WARN_UNUSED_FUNCTION = YES;
				GCC_WARN_UNUSED_VARIABLE = YES;
				IPHONEOS_DEPLOYMENT_TARGET = 8.0;
				MTL_ENABLE_DEBUG_INFO = YES;
				ONLY_ACTIVE_ARCH = YES;
				SDKROOT = iphoneos;
			};
			name = Debug;
		};
		58B511EE1A9E6C8500147676 /* Release */ = {
			isa = XCBuildConfiguration;
			buildSettings = {
				ALWAYS_SEARCH_USER_PATHS = NO;
				CLANG_CXX_LANGUAGE_STANDARD = "gnu++0x";
				CLANG_CXX_LIBRARY = "libc++";
				CLANG_ENABLE_MODULES = YES;
				CLANG_ENABLE_OBJC_ARC = YES;
				CLANG_WARN_BOOL_CONVERSION = YES;
				CLANG_WARN_CONSTANT_CONVERSION = YES;
				CLANG_WARN_DIRECT_OBJC_ISA_USAGE = YES_ERROR;
				CLANG_WARN_EMPTY_BODY = YES;
				CLANG_WARN_ENUM_CONVERSION = YES;
				CLANG_WARN_INFINITE_RECURSION = YES;
				CLANG_WARN_INT_CONVERSION = YES;
				CLANG_WARN_OBJC_ROOT_CLASS = YES_ERROR;
				CLANG_WARN_SUSPICIOUS_MOVE = YES;
				CLANG_WARN_UNREACHABLE_CODE = YES;
				CLANG_WARN__DUPLICATE_METHOD_MATCH = YES;
				COPY_PHASE_STRIP = YES;
				ENABLE_NS_ASSERTIONS = NO;
				ENABLE_STRICT_OBJC_MSGSEND = YES;
				GCC_C_LANGUAGE_STANDARD = gnu99;
				GCC_NO_COMMON_BLOCKS = YES;
				GCC_WARN_64_TO_32_BIT_CONVERSION = YES;
				GCC_WARN_ABOUT_RETURN_TYPE = YES_ERROR;
				GCC_WARN_UNDECLARED_SELECTOR = YES;
				GCC_WARN_UNINITIALIZED_AUTOS = YES_AGGRESSIVE;
				GCC_WARN_UNUSED_FUNCTION = YES;
				GCC_WARN_UNUSED_VARIABLE = YES;
				IPHONEOS_DEPLOYMENT_TARGET = 8.0;
				MTL_ENABLE_DEBUG_INFO = NO;
				SDKROOT = iphoneos;
				VALIDATE_PRODUCT = YES;
			};
			name = Release;
		};
		58B511F01A9E6C8500147676 /* Debug */ = {
			isa = XCBuildConfiguration;
			buildSettings = {
				GCC_PREPROCESSOR_DEFINITIONS = (
					"DEBUG=1",
					"$(inherited)",
					"SENSORS_ANALYTICS_REACT_NATIVE=1",
				);
				HEADER_SEARCH_PATHS = (
					"$(inherited)",
					/Applications/Xcode.app/Contents/Developer/Toolchains/XcodeDefault.xctoolchain/usr/include,
					"$(SRCROOT)/../../../React/**",
					"$(SRCROOT)/../../react-native/React/**",
				);
				LIBRARY_SEARCH_PATHS = "$(inherited)";
				OTHER_LDFLAGS = (
					"-ObjC",
					"-lxml2",
					"$(inherited)",
				);
				PRODUCT_NAME = RNSensors;
				SKIP_INSTALL = YES;
			};
			name = Debug;
		};
		58B511F11A9E6C8500147676 /* Release */ = {
			isa = XCBuildConfiguration;
			buildSettings = {
				GCC_PREPROCESSOR_DEFINITIONS = "SENSORS_ANALYTICS_REACT_NATIVE=1";
				HEADER_SEARCH_PATHS = (
					"$(inherited)",
					/Applications/Xcode.app/Contents/Developer/Toolchains/XcodeDefault.xctoolchain/usr/include,
					"$(SRCROOT)/../../../React/**",
					"$(SRCROOT)/../../react-native/React/**",
				);
				LIBRARY_SEARCH_PATHS = "$(inherited)";
				OTHER_LDFLAGS = (
					"-ObjC",
					"-lxml2",
					"$(inherited)",
				);
				PRODUCT_NAME = RNSensors;
				SKIP_INSTALL = YES;
			};
			name = Release;
		};
/* End XCBuildConfiguration section */

/* Begin XCConfigurationList section */
		58B511D61A9E6C8500147676 /* Build configuration list for PBXProject "RNSensors" */ = {
			isa = XCConfigurationList;
			buildConfigurations = (
				58B511ED1A9E6C8500147676 /* Debug */,
				58B511EE1A9E6C8500147676 /* Release */,
			);
			defaultConfigurationIsVisible = 0;
			defaultConfigurationName = Release;
		};
		58B511EF1A9E6C8500147676 /* Build configuration list for PBXNativeTarget "RNSensors" */ = {
			isa = XCConfigurationList;
			buildConfigurations = (
				58B511F01A9E6C8500147676 /* Debug */,
				58B511F11A9E6C8500147676 /* Release */,
			);
			defaultConfigurationIsVisible = 0;
			defaultConfigurationName = Release;
		};
/* End XCConfigurationList section */
	};
	rootObject = 58B511D31A9E6C8500147676 /* Project object */;
}
