// !$*UTF8*$!
{
	archiveVersion = 1;
	classes = {
	};
	objectVersion = 46;
	objects = {

/* Begin PBXBuildFile section */
		471229D623C56F2D00F8C262 /* SATypeDescription.m in Sources */ = {isa = PBXBuildFile; fileRef = 4712296723C56F2D00F8C262 /* SATypeDescription.m */; };
		471229D723C56F2D00F8C262 /* SASecurityPolicy.m in Sources */ = {isa = PBXBuildFile; fileRef = 4712296823C56F2D00F8C262 /* SASecurityPolicy.m */; };
		471229D823C56F2D00F8C262 /* NSString+HashCode.m in Sources */ = {isa = PBXBuildFile; fileRef = 4712296A23C56F2D00F8C262 /* NSString+HashCode.m */; };
		471229D923C56F2D00F8C262 /* SANetwork+URLUtils.m in Sources */ = {isa = PBXBuildFile; fileRef = 4712296C23C56F2D00F8C262 /* SANetwork+URLUtils.m */; };
		471229DA23C56F2D00F8C262 /* SAJSONUtil.m in Sources */ = {isa = PBXBuildFile; fileRef = 4712297023C56F2D00F8C262 /* SAJSONUtil.m */; };
		471229DB23C56F2D00F8C262 /* SANetwork.m in Sources */ = {isa = PBXBuildFile; fileRef = 4712297123C56F2D00F8C262 /* SANetwork.m */; };
		471229DC23C56F2D00F8C262 /* SensorsAnalyticsSDK.m in Sources */ = {isa = PBXBuildFile; fileRef = 4712297223C56F2D00F8C262 /* SensorsAnalyticsSDK.m */; };
		471229DD23C56F2D00F8C262 /* SASDKRemoteConfig.m in Sources */ = {isa = PBXBuildFile; fileRef = 4712297523C56F2D00F8C262 /* SASDKRemoteConfig.m */; };
		471229DE23C56F2D00F8C262 /* SAObjectSelector.m in Sources */ = {isa = PBXBuildFile; fileRef = 4712297823C56F2D00F8C262 /* SAObjectSelector.m */; };
		471229DF23C56F2D00F8C262 /* SensorsAnalyticsExceptionHandler.m in Sources */ = {isa = PBXBuildFile; fileRef = 4712297D23C56F2D00F8C262 /* SensorsAnalyticsExceptionHandler.m */; };
		471229E023C56F2D00F8C262 /* SACommonUtility.m in Sources */ = {isa = PBXBuildFile; fileRef = 4712297F23C56F2D00F8C262 /* SACommonUtility.m */; };
		471229E123C56F2D00F8C262 /* UIViewController+AutoTrack.m in Sources */ = {isa = PBXBuildFile; fileRef = 4712298323C56F2D00F8C262 /* UIViewController+AutoTrack.m */; };
		471229E223C56F2D00F8C262 /* SADateFormatter.m in Sources */ = {isa = PBXBuildFile; fileRef = 4712298523C56F2D00F8C262 /* SADateFormatter.m */; };
		471229E323C56F2D00F8C262 /* SAAlertController.m in Sources */ = {isa = PBXBuildFile; fileRef = 4712298623C56F2D00F8C262 /* SAAlertController.m */; };
		471229E423C56F2D00F8C262 /* SAPropertyDescription.m in Sources */ = {isa = PBXBuildFile; fileRef = 4712298B23C56F2D00F8C262 /* SAPropertyDescription.m */; };
		471229E523C56F2E00F8C262 /* SAAppExtensionDataManager.m in Sources */ = {isa = PBXBuildFile; fileRef = 4712298D23C56F2D00F8C262 /* SAAppExtensionDataManager.m */; };
		471229E623C56F2E00F8C262 /* SASwizzler.m in Sources */ = {isa = PBXBuildFile; fileRef = 4712298E23C56F2D00F8C262 /* SASwizzler.m */; };
		471229E723C56F2E00F8C262 /* SAEnumDescription.m in Sources */ = {isa = PBXBuildFile; fileRef = 4712299023C56F2D00F8C262 /* SAEnumDescription.m */; };
		471229E823C56F2E00F8C262 /* SAValueTransformers.m in Sources */ = {isa = PBXBuildFile; fileRef = 4712299123C56F2D00F8C262 /* SAValueTransformers.m */; };
		471229E923C56F2E00F8C262 /* SALogger.m in Sources */ = {isa = PBXBuildFile; fileRef = 4712299223C56F2D00F8C262 /* SALogger.m */; };
		471229EA23C56F2E00F8C262 /* UIApplication+AutoTrack.m in Sources */ = {isa = PBXBuildFile; fileRef = 4712299423C56F2D00F8C262 /* UIApplication+AutoTrack.m */; };
		471229EB23C56F2E00F8C262 /* SAKeyChainItemWrapper.m in Sources */ = {isa = PBXBuildFile; fileRef = 4712299523C56F2D00F8C262 /* SAKeyChainItemWrapper.m */; };
		471229EC23C56F2E00F8C262 /* MessageQueueBySqlite.m in Sources */ = {isa = PBXBuildFile; fileRef = 4712299623C56F2D00F8C262 /* MessageQueueBySqlite.m */; };
		471229ED23C56F2E00F8C262 /* SAWeakPropertyContainer.m in Sources */ = {isa = PBXBuildFile; fileRef = 4712299B23C56F2D00F8C262 /* SAWeakPropertyContainer.m */; };
		471229EE23C56F2E00F8C262 /* SAObjectIdentityProvider.m in Sources */ = {isa = PBXBuildFile; fileRef = 4712299C23C56F2D00F8C262 /* SAObjectIdentityProvider.m */; };
		471229EF23C56F2E00F8C262 /* NSInvocation+SAHelpers.m in Sources */ = {isa = PBXBuildFile; fileRef = 4712299D23C56F2D00F8C262 /* NSInvocation+SAHelpers.m */; };
		471229F023C56F2E00F8C262 /* UIView+SAHelpers.m in Sources */ = {isa = PBXBuildFile; fileRef = 4712299F23C56F2D00F8C262 /* UIView+SAHelpers.m */; };
		471229F123C56F2E00F8C262 /* UIGestureRecognizer+AutoTrack.m in Sources */ = {isa = PBXBuildFile; fileRef = 471229A023C56F2D00F8C262 /* UIGestureRecognizer+AutoTrack.m */; };
		471229F223C56F2E00F8C262 /* SALocationManager.m in Sources */ = {isa = PBXBuildFile; fileRef = 471229A423C56F2D00F8C262 /* SALocationManager.m */; };
		471229F323C56F2E00F8C262 /* SADeviceOrientationManager.m in Sources */ = {isa = PBXBuildFile; fileRef = 471229A723C56F2D00F8C262 /* SADeviceOrientationManager.m */; };
		471229F423C56F2E00F8C262 /* SAConfigOptions.m in Sources */ = {isa = PBXBuildFile; fileRef = 471229A823C56F2D00F8C262 /* SAConfigOptions.m */; };
		471229F523C56F2E00F8C262 /* NSObject+SensorsAnalyticsDelegate.m in Sources */ = {isa = PBXBuildFile; fileRef = 471229A923C56F2D00F8C262 /* NSObject+SensorsAnalyticsDelegate.m */; };
		471229F623C56F2E00F8C262 /* SASwizzle.m in Sources */ = {isa = PBXBuildFile; fileRef = 471229AC23C56F2D00F8C262 /* SASwizzle.m */; };
		471229F723C56F2E00F8C262 /* SAApplicationStateSerializer.m in Sources */ = {isa = PBXBuildFile; fileRef = 471229AD23C56F2D00F8C262 /* SAApplicationStateSerializer.m */; };
		471229F823C56F2E00F8C262 /* UIView+AutoTrack.m in Sources */ = {isa = PBXBuildFile; fileRef = 471229AE23C56F2D00F8C262 /* UIView+AutoTrack.m */; };
		471229F923C56F2E00F8C262 /* SAConstants.m in Sources */ = {isa = PBXBuildFile; fileRef = 471229B023C56F2D00F8C262 /* SAConstants.m */; };
		471229FA23C56F2E00F8C262 /* SAAutoTrackUtils.m in Sources */ = {isa = PBXBuildFile; fileRef = 471229B123C56F2D00F8C262 /* SAAutoTrackUtils.m */; };
		471229FB23C56F2E00F8C262 /* SAAbstractDesignerMessage.m in Sources */ = {isa = PBXBuildFile; fileRef = 471229B223C56F2D00F8C262 /* SAAbstractDesignerMessage.m */; };
		471229FC23C56F2E00F8C262 /* SAClassDescription.m in Sources */ = {isa = PBXBuildFile; fileRef = 471229B323C56F2D00F8C262 /* SAClassDescription.m */; };
		471229FD23C56F2E00F8C262 /* SAObjectSerializerContext.m in Sources */ = {isa = PBXBuildFile; fileRef = 471229B523C56F2D00F8C262 /* SAObjectSerializerContext.m */; };
		471229FE23C56F2E00F8C262 /* SAObjectSerializer.m in Sources */ = {isa = PBXBuildFile; fileRef = 471229B723C56F2D00F8C262 /* SAObjectSerializer.m */; };
		471229FF23C56F2E00F8C262 /* SAHeatMapSnapshotMessage.m in Sources */ = {isa = PBXBuildFile; fileRef = 471229BB23C56F2D00F8C262 /* SAHeatMapSnapshotMessage.m */; };
		47122A0023C56F2E00F8C262 /* SAHeatMapConnection.m in Sources */ = {isa = PBXBuildFile; fileRef = 471229BE23C56F2D00F8C262 /* SAHeatMapConnection.m */; };
		47122A0123C56F2E00F8C262 /* SAAbstractHeatMapMessage.m in Sources */ = {isa = PBXBuildFile; fileRef = 471229C123C56F2D00F8C262 /* SAAbstractHeatMapMessage.m */; };
		47122A0223C56F2E00F8C262 /* SAAuxiliaryToolManager.m in Sources */ = {isa = PBXBuildFile; fileRef = 471229C323C56F2D00F8C262 /* SAAuxiliaryToolManager.m */; };
		47122A0323C56F2E00F8C262 /* SAReachability.m in Sources */ = {isa = PBXBuildFile; fileRef = 471229C423C56F2D00F8C262 /* SAReachability.m */; };
		47122A0423C56F2E00F8C262 /* SAGzipUtility.m in Sources */ = {isa = PBXBuildFile; fileRef = 471229C523C56F2D00F8C262 /* SAGzipUtility.m */; };
		47122A0523C56F2E00F8C262 /* SAObjectSerializerConfig.m in Sources */ = {isa = PBXBuildFile; fileRef = 471229C723C56F2D00F8C262 /* SAObjectSerializerConfig.m */; };
		47122A0623C56F2E00F8C262 /* SAVisualizedAutoTrackSnapshotMessage.m in Sources */ = {isa = PBXBuildFile; fileRef = 471229CC23C56F2D00F8C262 /* SAVisualizedAutoTrackSnapshotMessage.m */; };
		47122A0723C56F2E00F8C262 /* SAVisualizedAutoTrackConnection.m in Sources */ = {isa = PBXBuildFile; fileRef = 471229CE23C56F2D00F8C262 /* SAVisualizedAutoTrackConnection.m */; };
		47122A0823C56F2E00F8C262 /* SAVisualizedAutoTrackAbstractMessage.m in Sources */ = {isa = PBXBuildFile; fileRef = 471229D123C56F2D00F8C262 /* SAVisualizedAutoTrackAbstractMessage.m */; };
		CE4A732B2136AAEE00EBF3CA /* RNSensors.m in Sources */ = {isa = PBXBuildFile; fileRef = B3E7B5891CC2AC0600A0062D /* RNSensors.m */; };
/* End PBXBuildFile section */

/* Begin PBXCopyFilesBuildPhase section */
		58B511D91A9E6C8500147676 /* CopyFiles */ = {
			isa = PBXCopyFilesBuildPhase;
			buildActionMask = 2147483647;
			dstPath = "include/$(PRODUCT_NAME)";
			dstSubfolderSpec = 16;
			files = (
			);
			runOnlyForDeploymentPostprocessing = 0;
		};
/* End PBXCopyFilesBuildPhase section */

/* Begin PBXFileReference section */
		134814201AA4EA6300B7C361 /* libRNSensors.a */ = {isa = PBXFileReference; explicitFileType = archive.ar; includeInIndex = 0; path = libRNSensors.a; sourceTree = BUILT_PRODUCTS_DIR; };
		4712296723C56F2D00F8C262 /* SATypeDescription.m */ = {isa = PBXFileReference; fileEncoding = 4; lastKnownFileType = sourcecode.c.objc; path = SATypeDescription.m; sourceTree = "<group>"; };
		4712296823C56F2D00F8C262 /* SASecurityPolicy.m */ = {isa = PBXFileReference; fileEncoding = 4; lastKnownFileType = sourcecode.c.objc; path = SASecurityPolicy.m; sourceTree = "<group>"; };
		4712296923C56F2D00F8C262 /* UIGestureRecognizer+AutoTrack.h */ = {isa = PBXFileReference; fileEncoding = 4; lastKnownFileType = sourcecode.c.h; path = "UIGestureRecognizer+AutoTrack.h"; sourceTree = "<group>"; };
		4712296A23C56F2D00F8C262 /* NSString+HashCode.m */ = {isa = PBXFileReference; fileEncoding = 4; lastKnownFileType = sourcecode.c.objc; path = "NSString+HashCode.m"; sourceTree = "<group>"; };
		4712296B23C56F2D00F8C262 /* UIView+SAHelpers.h */ = {isa = PBXFileReference; fileEncoding = 4; lastKnownFileType = sourcecode.c.h; path = "UIView+SAHelpers.h"; sourceTree = "<group>"; };
		4712296C23C56F2D00F8C262 /* SANetwork+URLUtils.m */ = {isa = PBXFileReference; fileEncoding = 4; lastKnownFileType = sourcecode.c.objc; path = "SANetwork+URLUtils.m"; sourceTree = "<group>"; };
		4712296D23C56F2D00F8C262 /* NSInvocation+SAHelpers.h */ = {isa = PBXFileReference; fileEncoding = 4; lastKnownFileType = sourcecode.c.h; path = "NSInvocation+SAHelpers.h"; sourceTree = "<group>"; };
		4712296E23C56F2D00F8C262 /* SAObjectIdentityProvider.h */ = {isa = PBXFileReference; fileEncoding = 4; lastKnownFileType = sourcecode.c.h; path = SAObjectIdentityProvider.h; sourceTree = "<group>"; };
		4712296F23C56F2D00F8C262 /* SAWeakPropertyContainer.h */ = {isa = PBXFileReference; fileEncoding = 4; lastKnownFileType = sourcecode.c.h; path = SAWeakPropertyContainer.h; sourceTree = "<group>"; };
		4712297023C56F2D00F8C262 /* SAJSONUtil.m */ = {isa = PBXFileReference; fileEncoding = 4; lastKnownFileType = sourcecode.c.objc; path = SAJSONUtil.m; sourceTree = "<group>"; };
		4712297123C56F2D00F8C262 /* SANetwork.m */ = {isa = PBXFileReference; fileEncoding = 4; lastKnownFileType = sourcecode.c.objc; path = SANetwork.m; sourceTree = "<group>"; };
		4712297223C56F2D00F8C262 /* SensorsAnalyticsSDK.m */ = {isa = PBXFileReference; fileEncoding = 4; lastKnownFileType = sourcecode.c.objc; path = SensorsAnalyticsSDK.m; sourceTree = "<group>"; };
		4712297323C56F2D00F8C262 /* SAObjectSerializerContext.h */ = {isa = PBXFileReference; fileEncoding = 4; lastKnownFileType = sourcecode.c.h; path = SAObjectSerializerContext.h; sourceTree = "<group>"; };
		4712297423C56F2D00F8C262 /* SAClassDescription.h */ = {isa = PBXFileReference; fileEncoding = 4; lastKnownFileType = sourcecode.c.h; path = SAClassDescription.h; sourceTree = "<group>"; };
		4712297523C56F2D00F8C262 /* SASDKRemoteConfig.m */ = {isa = PBXFileReference; fileEncoding = 4; lastKnownFileType = sourcecode.c.objc; path = SASDKRemoteConfig.m; sourceTree = "<group>"; };
		4712297623C56F2D00F8C262 /* SAAutoTrackUtils.h */ = {isa = PBXFileReference; fileEncoding = 4; lastKnownFileType = sourcecode.c.h; path = SAAutoTrackUtils.h; sourceTree = "<group>"; };
		4712297723C56F2D00F8C262 /* SAAbstractDesignerMessage.h */ = {isa = PBXFileReference; fileEncoding = 4; lastKnownFileType = sourcecode.c.h; path = SAAbstractDesignerMessage.h; sourceTree = "<group>"; };
		4712297823C56F2D00F8C262 /* SAObjectSelector.m */ = {isa = PBXFileReference; fileEncoding = 4; lastKnownFileType = sourcecode.c.objc; path = SAObjectSelector.m; sourceTree = "<group>"; };
		4712297923C56F2D00F8C262 /* SAConstants.h */ = {isa = PBXFileReference; fileEncoding = 4; lastKnownFileType = sourcecode.c.h; path = SAConstants.h; sourceTree = "<group>"; };
		4712297A23C56F2D00F8C262 /* SASwizzle.h */ = {isa = PBXFileReference; fileEncoding = 4; lastKnownFileType = sourcecode.c.h; path = SASwizzle.h; sourceTree = "<group>"; };
		4712297B23C56F2D00F8C262 /* SAApplicationStateSerializer.h */ = {isa = PBXFileReference; fileEncoding = 4; lastKnownFileType = sourcecode.c.h; path = SAApplicationStateSerializer.h; sourceTree = "<group>"; };
		4712297C23C56F2D00F8C262 /* UIView+AutoTrack.h */ = {isa = PBXFileReference; fileEncoding = 4; lastKnownFileType = sourcecode.c.h; path = "UIView+AutoTrack.h"; sourceTree = "<group>"; };
		4712297D23C56F2D00F8C262 /* SensorsAnalyticsExceptionHandler.m */ = {isa = PBXFileReference; fileEncoding = 4; lastKnownFileType = sourcecode.c.objc; path = SensorsAnalyticsExceptionHandler.m; sourceTree = "<group>"; };
		4712297E23C56F2D00F8C262 /* NSObject+SensorsAnalyticsDelegate.h */ = {isa = PBXFileReference; fileEncoding = 4; lastKnownFileType = sourcecode.c.h; path = "NSObject+SensorsAnalyticsDelegate.h"; sourceTree = "<group>"; };
		4712297F23C56F2D00F8C262 /* SACommonUtility.m */ = {isa = PBXFileReference; fileEncoding = 4; lastKnownFileType = sourcecode.c.objc; path = SACommonUtility.m; sourceTree = "<group>"; };
		4712298023C56F2D00F8C262 /* SADeviceOrientationManager.h */ = {isa = PBXFileReference; fileEncoding = 4; lastKnownFileType = sourcecode.c.h; path = SADeviceOrientationManager.h; sourceTree = "<group>"; };
		4712298123C56F2D00F8C262 /* SAConfigOptions.h */ = {isa = PBXFileReference; fileEncoding = 4; lastKnownFileType = sourcecode.c.h; path = SAConfigOptions.h; sourceTree = "<group>"; };
		4712298223C56F2D00F8C262 /* SAConstants+Private.h */ = {isa = PBXFileReference; fileEncoding = 4; lastKnownFileType = sourcecode.c.h; path = "SAConstants+Private.h"; sourceTree = "<group>"; };
		4712298323C56F2D00F8C262 /* UIViewController+AutoTrack.m */ = {isa = PBXFileReference; fileEncoding = 4; lastKnownFileType = sourcecode.c.objc; path = "UIViewController+AutoTrack.m"; sourceTree = "<group>"; };
		4712298423C56F2D00F8C262 /* SALocationManager.h */ = {isa = PBXFileReference; fileEncoding = 4; lastKnownFileType = sourcecode.c.h; path = SALocationManager.h; sourceTree = "<group>"; };
		4712298523C56F2D00F8C262 /* SADateFormatter.m */ = {isa = PBXFileReference; fileEncoding = 4; lastKnownFileType = sourcecode.c.objc; path = SADateFormatter.m; sourceTree = "<group>"; };
		4712298623C56F2D00F8C262 /* SAAlertController.m */ = {isa = PBXFileReference; fileEncoding = 4; lastKnownFileType = sourcecode.c.objc; path = SAAlertController.m; sourceTree = "<group>"; };
		4712298723C56F2D00F8C262 /* SAObjectSerializerConfig.h */ = {isa = PBXFileReference; fileEncoding = 4; lastKnownFileType = sourcecode.c.h; path = SAObjectSerializerConfig.h; sourceTree = "<group>"; };
		4712298823C56F2D00F8C262 /* SAGzipUtility.h */ = {isa = PBXFileReference; fileEncoding = 4; lastKnownFileType = sourcecode.c.h; path = SAGzipUtility.h; sourceTree = "<group>"; };
		4712298923C56F2D00F8C262 /* SAAuxiliaryToolManager.h */ = {isa = PBXFileReference; fileEncoding = 4; lastKnownFileType = sourcecode.c.h; path = SAAuxiliaryToolManager.h; sourceTree = "<group>"; };
		4712298A23C56F2D00F8C262 /* SAReachability.h */ = {isa = PBXFileReference; fileEncoding = 4; lastKnownFileType = sourcecode.c.h; path = SAReachability.h; sourceTree = "<group>"; };
		4712298B23C56F2D00F8C262 /* SAPropertyDescription.m */ = {isa = PBXFileReference; fileEncoding = 4; lastKnownFileType = sourcecode.c.objc; path = SAPropertyDescription.m; sourceTree = "<group>"; };
		4712298C23C56F2D00F8C262 /* SensorsAnalyticsSDK+Private.h */ = {isa = PBXFileReference; fileEncoding = 4; lastKnownFileType = sourcecode.c.h; path = "SensorsAnalyticsSDK+Private.h"; sourceTree = "<group>"; };
		4712298D23C56F2D00F8C262 /* SAAppExtensionDataManager.m */ = {isa = PBXFileReference; fileEncoding = 4; lastKnownFileType = sourcecode.c.objc; path = SAAppExtensionDataManager.m; sourceTree = "<group>"; };
		4712298E23C56F2D00F8C262 /* SASwizzler.m */ = {isa = PBXFileReference; fileEncoding = 4; lastKnownFileType = sourcecode.c.objc; path = SASwizzler.m; sourceTree = "<group>"; };
		4712298F23C56F2D00F8C262 /* SAObjectSerializer.h */ = {isa = PBXFileReference; fileEncoding = 4; lastKnownFileType = sourcecode.c.h; path = SAObjectSerializer.h; sourceTree = "<group>"; };
		4712299023C56F2D00F8C262 /* SAEnumDescription.m */ = {isa = PBXFileReference; fileEncoding = 4; lastKnownFileType = sourcecode.c.objc; path = SAEnumDescription.m; sourceTree = "<group>"; };
		4712299123C56F2D00F8C262 /* SAValueTransformers.m */ = {isa = PBXFileReference; fileEncoding = 4; lastKnownFileType = sourcecode.c.objc; path = SAValueTransformers.m; sourceTree = "<group>"; };
		4712299223C56F2D00F8C262 /* SALogger.m */ = {isa = PBXFileReference; fileEncoding = 4; lastKnownFileType = sourcecode.c.objc; path = SALogger.m; sourceTree = "<group>"; };
		4712299323C56F2D00F8C262 /* SAAutoTrackProperty.h */ = {isa = PBXFileReference; fileEncoding = 4; lastKnownFileType = sourcecode.c.h; path = SAAutoTrackProperty.h; sourceTree = "<group>"; };
		4712299423C56F2D00F8C262 /* UIApplication+AutoTrack.m */ = {isa = PBXFileReference; fileEncoding = 4; lastKnownFileType = sourcecode.c.objc; path = "UIApplication+AutoTrack.m"; sourceTree = "<group>"; };
		4712299523C56F2D00F8C262 /* SAKeyChainItemWrapper.m */ = {isa = PBXFileReference; fileEncoding = 4; lastKnownFileType = sourcecode.c.objc; path = SAKeyChainItemWrapper.m; sourceTree = "<group>"; };
		4712299623C56F2D00F8C262 /* MessageQueueBySqlite.m */ = {isa = PBXFileReference; fileEncoding = 4; lastKnownFileType = sourcecode.c.objc; path = MessageQueueBySqlite.m; sourceTree = "<group>"; };
		4712299723C56F2D00F8C262 /* SANetwork.h */ = {isa = PBXFileReference; fileEncoding = 4; lastKnownFileType = sourcecode.c.h; path = SANetwork.h; sourceTree = "<group>"; };
		4712299823C56F2D00F8C262 /* SensorsAnalyticsSDK.h */ = {isa = PBXFileReference; fileEncoding = 4; lastKnownFileType = sourcecode.c.h; path = SensorsAnalyticsSDK.h; sourceTree = "<group>"; };
		4712299923C56F2D00F8C262 /* SADesignerMessage.h */ = {isa = PBXFileReference; fileEncoding = 4; lastKnownFileType = sourcecode.c.h; path = SADesignerMessage.h; sourceTree = "<group>"; };
		4712299A23C56F2D00F8C262 /* SAJSONUtil.h */ = {isa = PBXFileReference; fileEncoding = 4; lastKnownFileType = sourcecode.c.h; path = SAJSONUtil.h; sourceTree = "<group>"; };
		4712299B23C56F2D00F8C262 /* SAWeakPropertyContainer.m */ = {isa = PBXFileReference; fileEncoding = 4; lastKnownFileType = sourcecode.c.objc; path = SAWeakPropertyContainer.m; sourceTree = "<group>"; };
		4712299C23C56F2D00F8C262 /* SAObjectIdentityProvider.m */ = {isa = PBXFileReference; fileEncoding = 4; lastKnownFileType = sourcecode.c.objc; path = SAObjectIdentityProvider.m; sourceTree = "<group>"; };
		4712299D23C56F2D00F8C262 /* NSInvocation+SAHelpers.m */ = {isa = PBXFileReference; fileEncoding = 4; lastKnownFileType = sourcecode.c.objc; path = "NSInvocation+SAHelpers.m"; sourceTree = "<group>"; };
		4712299E23C56F2D00F8C262 /* SANetwork+URLUtils.h */ = {isa = PBXFileReference; fileEncoding = 4; lastKnownFileType = sourcecode.c.h; path = "SANetwork+URLUtils.h"; sourceTree = "<group>"; };
		4712299F23C56F2D00F8C262 /* UIView+SAHelpers.m */ = {isa = PBXFileReference; fileEncoding = 4; lastKnownFileType = sourcecode.c.objc; path = "UIView+SAHelpers.m"; sourceTree = "<group>"; };
		471229A023C56F2D00F8C262 /* UIGestureRecognizer+AutoTrack.m */ = {isa = PBXFileReference; fileEncoding = 4; lastKnownFileType = sourcecode.c.objc; path = "UIGestureRecognizer+AutoTrack.m"; sourceTree = "<group>"; };
		471229A123C56F2D00F8C262 /* NSString+HashCode.h */ = {isa = PBXFileReference; fileEncoding = 4; lastKnownFileType = sourcecode.c.h; path = "NSString+HashCode.h"; sourceTree = "<group>"; };
		471229A223C56F2D00F8C262 /* SATypeDescription.h */ = {isa = PBXFileReference; fileEncoding = 4; lastKnownFileType = sourcecode.c.h; path = SATypeDescription.h; sourceTree = "<group>"; };
		471229A323C56F2D00F8C262 /* SASecurityPolicy.h */ = {isa = PBXFileReference; fileEncoding = 4; lastKnownFileType = sourcecode.c.h; path = SASecurityPolicy.h; sourceTree = "<group>"; };
		471229A423C56F2D00F8C262 /* SALocationManager.m */ = {isa = PBXFileReference; fileEncoding = 4; lastKnownFileType = sourcecode.c.objc; path = SALocationManager.m; sourceTree = "<group>"; };
		471229A523C56F2D00F8C262 /* SADateFormatter.h */ = {isa = PBXFileReference; fileEncoding = 4; lastKnownFileType = sourcecode.c.h; path = SADateFormatter.h; sourceTree = "<group>"; };
		471229A623C56F2D00F8C262 /* UIViewController+AutoTrack.h */ = {isa = PBXFileReference; fileEncoding = 4; lastKnownFileType = sourcecode.c.h; path = "UIViewController+AutoTrack.h"; sourceTree = "<group>"; };
		471229A723C56F2D00F8C262 /* SADeviceOrientationManager.m */ = {isa = PBXFileReference; fileEncoding = 4; lastKnownFileType = sourcecode.c.objc; path = SADeviceOrientationManager.m; sourceTree = "<group>"; };
		471229A823C56F2D00F8C262 /* SAConfigOptions.m */ = {isa = PBXFileReference; fileEncoding = 4; lastKnownFileType = sourcecode.c.objc; path = SAConfigOptions.m; sourceTree = "<group>"; };
		471229A923C56F2D00F8C262 /* NSObject+SensorsAnalyticsDelegate.m */ = {isa = PBXFileReference; fileEncoding = 4; lastKnownFileType = sourcecode.c.objc; path = "NSObject+SensorsAnalyticsDelegate.m"; sourceTree = "<group>"; };
		471229AA23C56F2D00F8C262 /* SensorsAnalyticsExceptionHandler.h */ = {isa = PBXFileReference; fileEncoding = 4; lastKnownFileType = sourcecode.c.h; path = SensorsAnalyticsExceptionHandler.h; sourceTree = "<group>"; };
		471229AB23C56F2D00F8C262 /* SACommonUtility.h */ = {isa = PBXFileReference; fileEncoding = 4; lastKnownFileType = sourcecode.c.h; path = SACommonUtility.h; sourceTree = "<group>"; };
		471229AC23C56F2D00F8C262 /* SASwizzle.m */ = {isa = PBXFileReference; fileEncoding = 4; lastKnownFileType = sourcecode.c.objc; path = SASwizzle.m; sourceTree = "<group>"; };
		471229AD23C56F2D00F8C262 /* SAApplicationStateSerializer.m */ = {isa = PBXFileReference; fileEncoding = 4; lastKnownFileType = sourcecode.c.objc; path = SAApplicationStateSerializer.m; sourceTree = "<group>"; };
		471229AE23C56F2D00F8C262 /* UIView+AutoTrack.m */ = {isa = PBXFileReference; fileEncoding = 4; lastKnownFileType = sourcecode.c.objc; path = "UIView+AutoTrack.m"; sourceTree = "<group>"; };
		471229AF23C56F2D00F8C262 /* SAObjectSelector.h */ = {isa = PBXFileReference; fileEncoding = 4; lastKnownFileType = sourcecode.c.h; path = SAObjectSelector.h; sourceTree = "<group>"; };
		471229B023C56F2D00F8C262 /* SAConstants.m */ = {isa = PBXFileReference; fileEncoding = 4; lastKnownFileType = sourcecode.c.objc; path = SAConstants.m; sourceTree = "<group>"; };
		471229B123C56F2D00F8C262 /* SAAutoTrackUtils.m */ = {isa = PBXFileReference; fileEncoding = 4; lastKnownFileType = sourcecode.c.objc; path = SAAutoTrackUtils.m; sourceTree = "<group>"; };
		471229B223C56F2D00F8C262 /* SAAbstractDesignerMessage.m */ = {isa = PBXFileReference; fileEncoding = 4; lastKnownFileType = sourcecode.c.objc; path = SAAbstractDesignerMessage.m; sourceTree = "<group>"; };
		471229B323C56F2D00F8C262 /* SAClassDescription.m */ = {isa = PBXFileReference; fileEncoding = 4; lastKnownFileType = sourcecode.c.objc; path = SAClassDescription.m; sourceTree = "<group>"; };
		471229B423C56F2D00F8C262 /* SASDKRemoteConfig.h */ = {isa = PBXFileReference; fileEncoding = 4; lastKnownFileType = sourcecode.c.h; path = SASDKRemoteConfig.h; sourceTree = "<group>"; };
		471229B523C56F2D00F8C262 /* SAObjectSerializerContext.m */ = {isa = PBXFileReference; fileEncoding = 4; lastKnownFileType = sourcecode.c.objc; path = SAObjectSerializerContext.m; sourceTree = "<group>"; };
		471229B623C56F2D00F8C262 /* SAEnumDescription.h */ = {isa = PBXFileReference; fileEncoding = 4; lastKnownFileType = sourcecode.c.h; path = SAEnumDescription.h; sourceTree = "<group>"; };
		471229B723C56F2D00F8C262 /* SAObjectSerializer.m */ = {isa = PBXFileReference; fileEncoding = 4; lastKnownFileType = sourcecode.c.objc; path = SAObjectSerializer.m; sourceTree = "<group>"; };
		471229B823C56F2D00F8C262 /* SASwizzler.h */ = {isa = PBXFileReference; fileEncoding = 4; lastKnownFileType = sourcecode.c.h; path = SASwizzler.h; sourceTree = "<group>"; };
		471229B923C56F2D00F8C262 /* SAAppExtensionDataManager.h */ = {isa = PBXFileReference; fileEncoding = 4; lastKnownFileType = sourcecode.c.h; path = SAAppExtensionDataManager.h; sourceTree = "<group>"; };
		471229BB23C56F2D00F8C262 /* SAHeatMapSnapshotMessage.m */ = {isa = PBXFileReference; fileEncoding = 4; lastKnownFileType = sourcecode.c.objc; path = SAHeatMapSnapshotMessage.m; sourceTree = "<group>"; };
		471229BC23C56F2D00F8C262 /* SAHeatMapConnection.h */ = {isa = PBXFileReference; fileEncoding = 4; lastKnownFileType = sourcecode.c.h; path = SAHeatMapConnection.h; sourceTree = "<group>"; };
		471229BD23C56F2D00F8C262 /* SAAbstractHeatMapMessage.h */ = {isa = PBXFileReference; fileEncoding = 4; lastKnownFileType = sourcecode.c.h; path = SAAbstractHeatMapMessage.h; sourceTree = "<group>"; };
		471229BE23C56F2D00F8C262 /* SAHeatMapConnection.m */ = {isa = PBXFileReference; fileEncoding = 4; lastKnownFileType = sourcecode.c.objc; path = SAHeatMapConnection.m; sourceTree = "<group>"; };
		471229BF23C56F2D00F8C262 /* SAHeatMapSnapshotMessage.h */ = {isa = PBXFileReference; fileEncoding = 4; lastKnownFileType = sourcecode.c.h; path = SAHeatMapSnapshotMessage.h; sourceTree = "<group>"; };
		471229C023C56F2D00F8C262 /* SAHeatMapMessage.h */ = {isa = PBXFileReference; fileEncoding = 4; lastKnownFileType = sourcecode.c.h; path = SAHeatMapMessage.h; sourceTree = "<group>"; };
		471229C123C56F2D00F8C262 /* SAAbstractHeatMapMessage.m */ = {isa = PBXFileReference; fileEncoding = 4; lastKnownFileType = sourcecode.c.objc; path = SAAbstractHeatMapMessage.m; sourceTree = "<group>"; };
		471229C223C56F2D00F8C262 /* SAPropertyDescription.h */ = {isa = PBXFileReference; fileEncoding = 4; lastKnownFileType = sourcecode.c.h; path = SAPropertyDescription.h; sourceTree = "<group>"; };
		471229C323C56F2D00F8C262 /* SAAuxiliaryToolManager.m */ = {isa = PBXFileReference; fileEncoding = 4; lastKnownFileType = sourcecode.c.objc; path = SAAuxiliaryToolManager.m; sourceTree = "<group>"; };
		471229C423C56F2D00F8C262 /* SAReachability.m */ = {isa = PBXFileReference; fileEncoding = 4; lastKnownFileType = sourcecode.c.objc; path = SAReachability.m; sourceTree = "<group>"; };
		471229C523C56F2D00F8C262 /* SAGzipUtility.m */ = {isa = PBXFileReference; fileEncoding = 4; lastKnownFileType = sourcecode.c.objc; path = SAGzipUtility.m; sourceTree = "<group>"; };
		471229C623C56F2D00F8C262 /* SensorsAnalyticsSDK.bundle */ = {isa = PBXFileReference; lastKnownFileType = "wrapper.plug-in"; path = SensorsAnalyticsSDK.bundle; sourceTree = "<group>"; };
		471229C723C56F2D00F8C262 /* SAObjectSerializerConfig.m */ = {isa = PBXFileReference; fileEncoding = 4; lastKnownFileType = sourcecode.c.objc; path = SAObjectSerializerConfig.m; sourceTree = "<group>"; };
		471229C823C56F2D00F8C262 /* SAAlertController.h */ = {isa = PBXFileReference; fileEncoding = 4; lastKnownFileType = sourcecode.c.h; path = SAAlertController.h; sourceTree = "<group>"; };
		471229C923C56F2D00F8C262 /* MessageQueueBySqlite.h */ = {isa = PBXFileReference; fileEncoding = 4; lastKnownFileType = sourcecode.c.h; path = MessageQueueBySqlite.h; sourceTree = "<group>"; };
		471229CA23C56F2D00F8C262 /* SAKeyChainItemWrapper.h */ = {isa = PBXFileReference; fileEncoding = 4; lastKnownFileType = sourcecode.c.h; path = SAKeyChainItemWrapper.h; sourceTree = "<group>"; };
		471229CC23C56F2D00F8C262 /* SAVisualizedAutoTrackSnapshotMessage.m */ = {isa = PBXFileReference; fileEncoding = 4; lastKnownFileType = sourcecode.c.objc; path = SAVisualizedAutoTrackSnapshotMessage.m; sourceTree = "<group>"; };
		471229CD23C56F2D00F8C262 /* SAVisualizedAutoTrackMessage.h */ = {isa = PBXFileReference; fileEncoding = 4; lastKnownFileType = sourcecode.c.h; path = SAVisualizedAutoTrackMessage.h; sourceTree = "<group>"; };
		471229CE23C56F2D00F8C262 /* SAVisualizedAutoTrackConnection.m */ = {isa = PBXFileReference; fileEncoding = 4; lastKnownFileType = sourcecode.c.objc; path = SAVisualizedAutoTrackConnection.m; sourceTree = "<group>"; };
		471229CF23C56F2D00F8C262 /* SAVisualizedAutoTrackAbstractMessage.h */ = {isa = PBXFileReference; fileEncoding = 4; lastKnownFileType = sourcecode.c.h; path = SAVisualizedAutoTrackAbstractMessage.h; sourceTree = "<group>"; };
		471229D023C56F2D00F8C262 /* SAVisualizedAutoTrackSnapshotMessage.h */ = {isa = PBXFileReference; fileEncoding = 4; lastKnownFileType = sourcecode.c.h; path = SAVisualizedAutoTrackSnapshotMessage.h; sourceTree = "<group>"; };
		471229D123C56F2D00F8C262 /* SAVisualizedAutoTrackAbstractMessage.m */ = {isa = PBXFileReference; fileEncoding = 4; lastKnownFileType = sourcecode.c.objc; path = SAVisualizedAutoTrackAbstractMessage.m; sourceTree = "<group>"; };
		471229D223C56F2D00F8C262 /* SAVisualizedAutoTrackConnection.h */ = {isa = PBXFileReference; fileEncoding = 4; lastKnownFileType = sourcecode.c.h; path = SAVisualizedAutoTrackConnection.h; sourceTree = "<group>"; };
		471229D323C56F2D00F8C262 /* UIApplication+AutoTrack.h */ = {isa = PBXFileReference; fileEncoding = 4; lastKnownFileType = sourcecode.c.h; path = "UIApplication+AutoTrack.h"; sourceTree = "<group>"; };
		471229D423C56F2D00F8C262 /* SALogger.h */ = {isa = PBXFileReference; fileEncoding = 4; lastKnownFileType = sourcecode.c.h; path = SALogger.h; sourceTree = "<group>"; };
		471229D523C56F2D00F8C262 /* SAValueTransformers.h */ = {isa = PBXFileReference; fileEncoding = 4; lastKnownFileType = sourcecode.c.h; path = SAValueTransformers.h; sourceTree = "<group>"; };
		B3E7B5881CC2AC0600A0062D /* RNSensors.h */ = {isa = PBXFileReference; fileEncoding = 4; lastKnownFileType = sourcecode.c.h; path = RNSensors.h; sourceTree = "<group>"; };
		B3E7B5891CC2AC0600A0062D /* RNSensors.m */ = {isa = PBXFileReference; fileEncoding = 4; lastKnownFileType = sourcecode.c.objc; path = RNSensors.m; sourceTree = "<group>"; };
/* End PBXFileReference section */

/* Begin PBXFrameworksBuildPhase section */
		58B511D81A9E6C8500147676 /* Frameworks */ = {
			isa = PBXFrameworksBuildPhase;
			buildActionMask = 2147483647;
			files = (
			);
			runOnlyForDeploymentPostprocessing = 0;
		};
/* End PBXFrameworksBuildPhase section */

/* Begin PBXGroup section */
		134814211AA4EA7D00B7C361 /* Products */ = {
			isa = PBXGroup;
			children = (
				134814201AA4EA6300B7C361 /* libRNSensors.a */,
			);
			name = Products;
			sourceTree = "<group>";
		};
		4712296623C56F2D00F8C262 /* SensorsAnalyticsSDK */ = {
			isa = PBXGroup;
			children = (
				4712296723C56F2D00F8C262 /* SATypeDescription.m */,
				4712296823C56F2D00F8C262 /* SASecurityPolicy.m */,
				4712296923C56F2D00F8C262 /* UIGestureRecognizer+AutoTrack.h */,
				4712296A23C56F2D00F8C262 /* NSString+HashCode.m */,
				4712296B23C56F2D00F8C262 /* UIView+SAHelpers.h */,
				4712296C23C56F2D00F8C262 /* SANetwork+URLUtils.m */,
				4712296D23C56F2D00F8C262 /* NSInvocation+SAHelpers.h */,
				4712296E23C56F2D00F8C262 /* SAObjectIdentityProvider.h */,
				4712296F23C56F2D00F8C262 /* SAWeakPropertyContainer.h */,
				4712297023C56F2D00F8C262 /* SAJSONUtil.m */,
				4712297123C56F2D00F8C262 /* SANetwork.m */,
				4712297223C56F2D00F8C262 /* SensorsAnalyticsSDK.m */,
				4712297323C56F2D00F8C262 /* SAObjectSerializerContext.h */,
				4712297423C56F2D00F8C262 /* SAClassDescription.h */,
				4712297523C56F2D00F8C262 /* SASDKRemoteConfig.m */,
				4712297623C56F2D00F8C262 /* SAAutoTrackUtils.h */,
				4712297723C56F2D00F8C262 /* SAAbstractDesignerMessage.h */,
				4712297823C56F2D00F8C262 /* SAObjectSelector.m */,
				4712297923C56F2D00F8C262 /* SAConstants.h */,
				4712297A23C56F2D00F8C262 /* SASwizzle.h */,
				4712297B23C56F2D00F8C262 /* SAApplicationStateSerializer.h */,
				4712297C23C56F2D00F8C262 /* UIView+AutoTrack.h */,
				4712297D23C56F2D00F8C262 /* SensorsAnalyticsExceptionHandler.m */,
				4712297E23C56F2D00F8C262 /* NSObject+SensorsAnalyticsDelegate.h */,
				4712297F23C56F2D00F8C262 /* SACommonUtility.m */,
				4712298023C56F2D00F8C262 /* SADeviceOrientationManager.h */,
				4712298123C56F2D00F8C262 /* SAConfigOptions.h */,
				4712298223C56F2D00F8C262 /* SAConstants+Private.h */,
				4712298323C56F2D00F8C262 /* UIViewController+AutoTrack.m */,
				4712298423C56F2D00F8C262 /* SALocationManager.h */,
				4712298523C56F2D00F8C262 /* SADateFormatter.m */,
				4712298623C56F2D00F8C262 /* SAAlertController.m */,
				4712298723C56F2D00F8C262 /* SAObjectSerializerConfig.h */,
				4712298823C56F2D00F8C262 /* SAGzipUtility.h */,
				4712298923C56F2D00F8C262 /* SAAuxiliaryToolManager.h */,
				4712298A23C56F2D00F8C262 /* SAReachability.h */,
				4712298B23C56F2D00F8C262 /* SAPropertyDescription.m */,
				4712298C23C56F2D00F8C262 /* SensorsAnalyticsSDK+Private.h */,
				4712298D23C56F2D00F8C262 /* SAAppExtensionDataManager.m */,
				4712298E23C56F2D00F8C262 /* SASwizzler.m */,
				4712298F23C56F2D00F8C262 /* SAObjectSerializer.h */,
				4712299023C56F2D00F8C262 /* SAEnumDescription.m */,
				4712299123C56F2D00F8C262 /* SAValueTransformers.m */,
				4712299223C56F2D00F8C262 /* SALogger.m */,
				4712299323C56F2D00F8C262 /* SAAutoTrackProperty.h */,
				4712299423C56F2D00F8C262 /* UIApplication+AutoTrack.m */,
				4712299523C56F2D00F8C262 /* SAKeyChainItemWrapper.m */,
				4712299623C56F2D00F8C262 /* MessageQueueBySqlite.m */,
				4712299723C56F2D00F8C262 /* SANetwork.h */,
				4712299823C56F2D00F8C262 /* SensorsAnalyticsSDK.h */,
				4712299923C56F2D00F8C262 /* SADesignerMessage.h */,
				4712299A23C56F2D00F8C262 /* SAJSONUtil.h */,
				4712299B23C56F2D00F8C262 /* SAWeakPropertyContainer.m */,
				4712299C23C56F2D00F8C262 /* SAObjectIdentityProvider.m */,
				4712299D23C56F2D00F8C262 /* NSInvocation+SAHelpers.m */,
				4712299E23C56F2D00F8C262 /* SANetwork+URLUtils.h */,
				4712299F23C56F2D00F8C262 /* UIView+SAHelpers.m */,
				471229A023C56F2D00F8C262 /* UIGestureRecognizer+AutoTrack.m */,
				471229A123C56F2D00F8C262 /* NSString+HashCode.h */,
				471229A223C56F2D00F8C262 /* SATypeDescription.h */,
				471229A323C56F2D00F8C262 /* SASecurityPolicy.h */,
				471229A423C56F2D00F8C262 /* SALocationManager.m */,
				471229A523C56F2D00F8C262 /* SADateFormatter.h */,
				471229A623C56F2D00F8C262 /* UIViewController+AutoTrack.h */,
				471229A723C56F2D00F8C262 /* SADeviceOrientationManager.m */,
				471229A823C56F2D00F8C262 /* SAConfigOptions.m */,
				471229A923C56F2D00F8C262 /* NSObject+SensorsAnalyticsDelegate.m */,
				471229AA23C56F2D00F8C262 /* SensorsAnalyticsExceptionHandler.h */,
				471229AB23C56F2D00F8C262 /* SACommonUtility.h */,
				471229AC23C56F2D00F8C262 /* SASwizzle.m */,
				471229AD23C56F2D00F8C262 /* SAApplicationStateSerializer.m */,
				471229AE23C56F2D00F8C262 /* UIView+AutoTrack.m */,
				471229AF23C56F2D00F8C262 /* SAObjectSelector.h */,
				471229B023C56F2D00F8C262 /* SAConstants.m */,
				471229B123C56F2D00F8C262 /* SAAutoTrackUtils.m */,
				471229B223C56F2D00F8C262 /* SAAbstractDesignerMessage.m */,
				471229B323C56F2D00F8C262 /* SAClassDescription.m */,
				471229B423C56F2D00F8C262 /* SASDKRemoteConfig.h */,
				471229B523C56F2D00F8C262 /* SAObjectSerializerContext.m */,
				471229B623C56F2D00F8C262 /* SAEnumDescription.h */,
				471229B723C56F2D00F8C262 /* SAObjectSerializer.m */,
				471229B823C56F2D00F8C262 /* SASwizzler.h */,
				471229B923C56F2D00F8C262 /* SAAppExtensionDataManager.h */,
				471229BA23C56F2D00F8C262 /* HeatMap */,
				471229C223C56F2D00F8C262 /* SAPropertyDescription.h */,
				471229C323C56F2D00F8C262 /* SAAuxiliaryToolManager.m */,
				471229C423C56F2D00F8C262 /* SAReachability.m */,
				471229C523C56F2D00F8C262 /* SAGzipUtility.m */,
				471229C623C56F2D00F8C262 /* SensorsAnalyticsSDK.bundle */,
				471229C723C56F2D00F8C262 /* SAObjectSerializerConfig.m */,
				471229C823C56F2D00F8C262 /* SAAlertController.h */,
				471229C923C56F2D00F8C262 /* MessageQueueBySqlite.h */,
				471229CA23C56F2D00F8C262 /* SAKeyChainItemWrapper.h */,
				471229CB23C56F2D00F8C262 /* VisualizedAutoTrack */,
				471229D323C56F2D00F8C262 /* UIApplication+AutoTrack.h */,
				471229D423C56F2D00F8C262 /* SALogger.h */,
				471229D523C56F2D00F8C262 /* SAValueTransformers.h */,
			);
			path = SensorsAnalyticsSDK;
			sourceTree = "<group>";
		};
		471229BA23C56F2D00F8C262 /* HeatMap */ = {
			isa = PBXGroup;
			children = (
				471229BB23C56F2D00F8C262 /* SAHeatMapSnapshotMessage.m */,
				471229BC23C56F2D00F8C262 /* SAHeatMapConnection.h */,
				471229BD23C56F2D00F8C262 /* SAAbstractHeatMapMessage.h */,
				471229BE23C56F2D00F8C262 /* SAHeatMapConnection.m */,
				471229BF23C56F2D00F8C262 /* SAHeatMapSnapshotMessage.h */,
				471229C023C56F2D00F8C262 /* SAHeatMapMessage.h */,
				471229C123C56F2D00F8C262 /* SAAbstractHeatMapMessage.m */,
			);
			path = HeatMap;
			sourceTree = "<group>";
		};
		471229CB23C56F2D00F8C262 /* VisualizedAutoTrack */ = {
			isa = PBXGroup;
			children = (
				471229CC23C56F2D00F8C262 /* SAVisualizedAutoTrackSnapshotMessage.m */,
				471229CD23C56F2D00F8C262 /* SAVisualizedAutoTrackMessage.h */,
				471229CE23C56F2D00F8C262 /* SAVisualizedAutoTrackConnection.m */,
				471229CF23C56F2D00F8C262 /* SAVisualizedAutoTrackAbstractMessage.h */,
				471229D023C56F2D00F8C262 /* SAVisualizedAutoTrackSnapshotMessage.h */,
				471229D123C56F2D00F8C262 /* SAVisualizedAutoTrackAbstractMessage.m */,
				471229D223C56F2D00F8C262 /* SAVisualizedAutoTrackConnection.h */,
			);
			path = VisualizedAutoTrack;
			sourceTree = "<group>";
		};
		58B511D21A9E6C8500147676 = {
			isa = PBXGroup;
			children = (
				4712296623C56F2D00F8C262 /* SensorsAnalyticsSDK */,
				B3E7B5881CC2AC0600A0062D /* RNSensors.h */,
				B3E7B5891CC2AC0600A0062D /* RNSensors.m */,
				134814211AA4EA7D00B7C361 /* Products */,
				CE62D18A21369F4200075E98 /* Frameworks */,
			);
			sourceTree = "<group>";
		};
		CE62D18A21369F4200075E98 /* Frameworks */ = {
			isa = PBXGroup;
			children = (
			);
			name = Frameworks;
			sourceTree = "<group>";
		};
/* End PBXGroup section */

/* Begin PBXNativeTarget section */
		58B511DA1A9E6C8500147676 /* RNSensors */ = {
			isa = PBXNativeTarget;
			buildConfigurationList = 58B511EF1A9E6C8500147676 /* Build configuration list for PBXNativeTarget "RNSensors" */;
			buildPhases = (
				58B511D71A9E6C8500147676 /* Sources */,
				58B511D81A9E6C8500147676 /* Frameworks */,
				58B511D91A9E6C8500147676 /* CopyFiles */,
			);
			buildRules = (
			);
			dependencies = (
			);
			name = RNSensors;
			productName = RCTDataManager;
			productReference = 134814201AA4EA6300B7C361 /* libRNSensors.a */;
			productType = "com.apple.product-type.library.static";
		};
/* End PBXNativeTarget section */

/* Begin PBXProject section */
		58B511D31A9E6C8500147676 /* Project object */ = {
			isa = PBXProject;
			attributes = {
				LastUpgradeCheck = 0830;
				ORGANIZATIONNAME = Facebook;
				TargetAttributes = {
					58B511DA1A9E6C8500147676 = {
						CreatedOnToolsVersion = 6.1.1;
					};
				};
			};
			buildConfigurationList = 58B511D61A9E6C8500147676 /* Build configuration list for PBXProject "RNSensors" */;
			compatibilityVersion = "Xcode 3.2";
			developmentRegion = English;
			hasScannedForEncodings = 0;
			knownRegions = (
				English,
				en,
			);
			mainGroup = 58B511D21A9E6C8500147676;
			productRefGroup = 58B511D21A9E6C8500147676;
			projectDirPath = "";
			projectRoot = "";
			targets = (
				58B511DA1A9E6C8500147676 /* RNSensors */,
			);
		};
/* End PBXProject section */

/* Begin PBXSourcesBuildPhase section */
		58B511D71A9E6C8500147676 /* Sources */ = {
			isa = PBXSourcesBuildPhase;
			buildActionMask = 2147483647;
			files = (
				471229F623C56F2E00F8C262 /* SASwizzle.m in Sources */,
				471229F523C56F2E00F8C262 /* NSObject+SensorsAnalyticsDelegate.m in Sources */,
				471229FF23C56F2E00F8C262 /* SAHeatMapSnapshotMessage.m in Sources */,
				471229D823C56F2D00F8C262 /* NSString+HashCode.m in Sources */,
				471229E923C56F2E00F8C262 /* SALogger.m in Sources */,
				471229F423C56F2E00F8C262 /* SAConfigOptions.m in Sources */,
				471229FC23C56F2E00F8C262 /* SAClassDescription.m in Sources */,
				471229D723C56F2D00F8C262 /* SASecurityPolicy.m in Sources */,
				471229FB23C56F2E00F8C262 /* SAAbstractDesignerMessage.m in Sources */,
				471229FA23C56F2E00F8C262 /* SAAutoTrackUtils.m in Sources */,
				471229DD23C56F2D00F8C262 /* SASDKRemoteConfig.m in Sources */,
				471229DB23C56F2D00F8C262 /* SANetwork.m in Sources */,
				471229D623C56F2D00F8C262 /* SATypeDescription.m in Sources */,
				471229E623C56F2E00F8C262 /* SASwizzler.m in Sources */,
				471229EE23C56F2E00F8C262 /* SAObjectIdentityProvider.m in Sources */,
				471229F023C56F2E00F8C262 /* UIView+SAHelpers.m in Sources */,
				47122A0223C56F2E00F8C262 /* SAAuxiliaryToolManager.m in Sources */,
				471229F723C56F2E00F8C262 /* SAApplicationStateSerializer.m in Sources */,
				47122A0723C56F2E00F8C262 /* SAVisualizedAutoTrackConnection.m in Sources */,
				471229F123C56F2E00F8C262 /* UIGestureRecognizer+AutoTrack.m in Sources */,
				47122A0823C56F2E00F8C262 /* SAVisualizedAutoTrackAbstractMessage.m in Sources */,
				471229EA23C56F2E00F8C262 /* UIApplication+AutoTrack.m in Sources */,
				471229FE23C56F2E00F8C262 /* SAObjectSerializer.m in Sources */,
				471229ED23C56F2E00F8C262 /* SAWeakPropertyContainer.m in Sources */,
				471229EC23C56F2E00F8C262 /* MessageQueueBySqlite.m in Sources */,
				471229D923C56F2D00F8C262 /* SANetwork+URLUtils.m in Sources */,
				CE4A732B2136AAEE00EBF3CA /* RNSensors.m in Sources */,
				471229F823C56F2E00F8C262 /* UIView+AutoTrack.m in Sources */,
				471229EF23C56F2E00F8C262 /* NSInvocation+SAHelpers.m in Sources */,
				471229E523C56F2E00F8C262 /* SAAppExtensionDataManager.m in Sources */,
				47122A0423C56F2E00F8C262 /* SAGzipUtility.m in Sources */,
				471229F923C56F2E00F8C262 /* SAConstants.m in Sources */,
				471229EB23C56F2E00F8C262 /* SAKeyChainItemWrapper.m in Sources */,
				471229DE23C56F2D00F8C262 /* SAObjectSelector.m in Sources */,
				47122A0623C56F2E00F8C262 /* SAVisualizedAutoTrackSnapshotMessage.m in Sources */,
				471229DF23C56F2D00F8C262 /* SensorsAnalyticsExceptionHandler.m in Sources */,
				471229E123C56F2D00F8C262 /* UIViewController+AutoTrack.m in Sources */,
				471229E323C56F2D00F8C262 /* SAAlertController.m in Sources */,
				471229E223C56F2D00F8C262 /* SADateFormatter.m in Sources */,
				47122A0323C56F2E00F8C262 /* SAReachability.m in Sources */,
				471229E023C56F2D00F8C262 /* SACommonUtility.m in Sources */,
				471229F223C56F2E00F8C262 /* SALocationManager.m in Sources */,
				47122A0023C56F2E00F8C262 /* SAHeatMapConnection.m in Sources */,
				47122A0523C56F2E00F8C262 /* SAObjectSerializerConfig.m in Sources */,
				471229E823C56F2E00F8C262 /* SAValueTransformers.m in Sources */,
				471229DA23C56F2D00F8C262 /* SAJSONUtil.m in Sources */,
				471229FD23C56F2E00F8C262 /* SAObjectSerializerContext.m in Sources */,
				471229F323C56F2E00F8C262 /* SADeviceOrientationManager.m in Sources */,
				47122A0123C56F2E00F8C262 /* SAAbstractHeatMapMessage.m in Sources */,
				471229E723C56F2E00F8C262 /* SAEnumDescription.m in Sources */,
				471229DC23C56F2D00F8C262 /* SensorsAnalyticsSDK.m in Sources */,
				471229E423C56F2D00F8C262 /* SAPropertyDescription.m in Sources */,
			);
			runOnlyForDeploymentPostprocessing = 0;
		};
/* End PBXSourcesBuildPhase section */

/* Begin XCBuildConfiguration section */
		58B511ED1A9E6C8500147676 /* Debug */ = {
			isa = XCBuildConfiguration;
			buildSettings = {
				ALWAYS_SEARCH_USER_PATHS = NO;
				CLANG_CXX_LANGUAGE_STANDARD = "gnu++0x";
				CLANG_CXX_LIBRARY = "libc++";
				CLANG_ENABLE_MODULES = YES;
				CLANG_ENABLE_OBJC_ARC = YES;
				CLANG_WARN_BOOL_CONVERSION = YES;
				CLANG_WARN_CONSTANT_CONVERSION = YES;
				CLANG_WARN_DIRECT_OBJC_ISA_USAGE = YES_ERROR;
				CLANG_WARN_EMPTY_BODY = YES;
				CLANG_WARN_ENUM_CONVERSION = YES;
				CLANG_WARN_INFINITE_RECURSION = YES;
				CLANG_WARN_INT_CONVERSION = YES;
				CLANG_WARN_OBJC_ROOT_CLASS = YES_ERROR;
				CLANG_WARN_SUSPICIOUS_MOVE = YES;
				CLANG_WARN_UNREACHABLE_CODE = YES;
				CLANG_WARN__DUPLICATE_METHOD_MATCH = YES;
				COPY_PHASE_STRIP = NO;
				ENABLE_STRICT_OBJC_MSGSEND = YES;
				ENABLE_TESTABILITY = YES;
				GCC_C_LANGUAGE_STANDARD = gnu99;
				GCC_DYNAMIC_NO_PIC = NO;
				GCC_NO_COMMON_BLOCKS = YES;
				GCC_OPTIMIZATION_LEVEL = 0;
				GCC_PREPROCESSOR_DEFINITIONS = (
					"DEBUG=1",
					"$(inherited)",
				);
				GCC_SYMBOLS_PRIVATE_EXTERN = NO;
				GCC_WARN_64_TO_32_BIT_CONVERSION = YES;
				GCC_WARN_ABOUT_RETURN_TYPE = YES_ERROR;
				GCC_WARN_UNDECLARED_SELECTOR = YES;
				GCC_WARN_UNINITIALIZED_AUTOS = YES_AGGRESSIVE;
				GCC_WARN_UNUSED_FUNCTION = YES;
				GCC_WARN_UNUSED_VARIABLE = YES;
				IPHONEOS_DEPLOYMENT_TARGET = 8.0;
				MTL_ENABLE_DEBUG_INFO = YES;
				ONLY_ACTIVE_ARCH = YES;
				SDKROOT = iphoneos;
			};
			name = Debug;
		};
		58B511EE1A9E6C8500147676 /* Release */ = {
			isa = XCBuildConfiguration;
			buildSettings = {
				ALWAYS_SEARCH_USER_PATHS = NO;
				CLANG_CXX_LANGUAGE_STANDARD = "gnu++0x";
				CLANG_CXX_LIBRARY = "libc++";
				CLANG_ENABLE_MODULES = YES;
				CLANG_ENABLE_OBJC_ARC = YES;
				CLANG_WARN_BOOL_CONVERSION = YES;
				CLANG_WARN_CONSTANT_CONVERSION = YES;
				CLANG_WARN_DIRECT_OBJC_ISA_USAGE = YES_ERROR;
				CLANG_WARN_EMPTY_BODY = YES;
				CLANG_WARN_ENUM_CONVERSION = YES;
				CLANG_WARN_INFINITE_RECURSION = YES;
				CLANG_WARN_INT_CONVERSION = YES;
				CLANG_WARN_OBJC_ROOT_CLASS = YES_ERROR;
				CLANG_WARN_SUSPICIOUS_MOVE = YES;
				CLANG_WARN_UNREACHABLE_CODE = YES;
				CLANG_WARN__DUPLICATE_METHOD_MATCH = YES;
				COPY_PHASE_STRIP = YES;
				ENABLE_NS_ASSERTIONS = NO;
				ENABLE_STRICT_OBJC_MSGSEND = YES;
				GCC_C_LANGUAGE_STANDARD = gnu99;
				GCC_NO_COMMON_BLOCKS = YES;
				GCC_WARN_64_TO_32_BIT_CONVERSION = YES;
				GCC_WARN_ABOUT_RETURN_TYPE = YES_ERROR;
				GCC_WARN_UNDECLARED_SELECTOR = YES;
				GCC_WARN_UNINITIALIZED_AUTOS = YES_AGGRESSIVE;
				GCC_WARN_UNUSED_FUNCTION = YES;
				GCC_WARN_UNUSED_VARIABLE = YES;
				IPHONEOS_DEPLOYMENT_TARGET = 8.0;
				MTL_ENABLE_DEBUG_INFO = NO;
				SDKROOT = iphoneos;
				VALIDATE_PRODUCT = YES;
			};
			name = Release;
		};
		58B511F01A9E6C8500147676 /* Debug */ = {
			isa = XCBuildConfiguration;
			buildSettings = {
				GCC_PREPROCESSOR_DEFINITIONS = (
					"DEBUG=1",
					"$(inherited)",
					"SENSORS_ANALYTICS_REACT_NATIVE=1",
				);
				HEADER_SEARCH_PATHS = (
					"$(inherited)",
					/Applications/Xcode.app/Contents/Developer/Toolchains/XcodeDefault.xctoolchain/usr/include,
					"$(SRCROOT)/../../../React/**",
					"$(SRCROOT)/../../react-native/React/**",
				);
				LIBRARY_SEARCH_PATHS = "$(inherited)";
				OTHER_LDFLAGS = (
					"-ObjC",
					"-lxml2",
					"$(inherited)",
				);
				PRODUCT_NAME = RNSensors;
				SKIP_INSTALL = YES;
			};
			name = Debug;
		};
		58B511F11A9E6C8500147676 /* Release */ = {
			isa = XCBuildConfiguration;
			buildSettings = {
				GCC_PREPROCESSOR_DEFINITIONS = "SENSORS_ANALYTICS_REACT_NATIVE=1";
				HEADER_SEARCH_PATHS = (
					"$(inherited)",
					/Applications/Xcode.app/Contents/Developer/Toolchains/XcodeDefault.xctoolchain/usr/include,
					"$(SRCROOT)/../../../React/**",
					"$(SRCROOT)/../../react-native/React/**",
				);
				LIBRARY_SEARCH_PATHS = "$(inherited)";
				OTHER_LDFLAGS = (
					"-ObjC",
					"-lxml2",
					"$(inherited)",
				);
				PRODUCT_NAME = RNSensors;
				SKIP_INSTALL = YES;
			};
			name = Release;
		};
/* End XCBuildConfiguration section */

/* Begin XCConfigurationList section */
		58B511D61A9E6C8500147676 /* Build configuration list for PBXProject "RNSensors" */ = {
			isa = XCConfigurationList;
			buildConfigurations = (
				58B511ED1A9E6C8500147676 /* Debug */,
				58B511EE1A9E6C8500147676 /* Release */,
			);
			defaultConfigurationIsVisible = 0;
			defaultConfigurationName = Release;
		};
		58B511EF1A9E6C8500147676 /* Build configuration list for PBXNativeTarget "RNSensors" */ = {
			isa = XCConfigurationList;
			buildConfigurations = (
				58B511F01A9E6C8500147676 /* Debug */,
				58B511F11A9E6C8500147676 /* Release */,
			);
			defaultConfigurationIsVisible = 0;
			defaultConfigurationName = Release;
		};
/* End XCConfigurationList section */
	};
	rootObject = 58B511D31A9E6C8500147676 /* Project object */;
}
